// !$*UTF8*$!
{
	archiveVersion = 1;
	classes = {
	};
	objectVersion = 50;
	objects = {

/* Begin PBXBuildFile section */
		F3692C2E29F398DD005B9B7D /* AppDelegate.swift in Sources */ = {isa = PBXBuildFile; fileRef = F3692C2D29F398DD005B9B7D /* AppDelegate.swift */; };
		F3692C3029F398DD005B9B7D /* SceneDelegate.swift in Sources */ = {isa = PBXBuildFile; fileRef = F3692C2F29F398DD005B9B7D /* SceneDelegate.swift */; };
		F3692C3529F398DD005B9B7D /* Main.storyboard in Resources */ = {isa = PBXBuildFile; fileRef = F3692C3329F398DD005B9B7D /* Main.storyboard */; };
		F3692C3729F398E2005B9B7D /* Assets.xcassets in Resources */ = {isa = PBXBuildFile; fileRef = F3692C3629F398E2005B9B7D /* Assets.xcassets */; };
		F3692C3A29F398E2005B9B7D /* LaunchScreen.storyboard in Resources */ = {isa = PBXBuildFile; fileRef = F3692C3829F398E2005B9B7D /* LaunchScreen.storyboard */; };
		F3692C4729F3B8B3005B9B7D /* GreenViewController.swift in Sources */ = {isa = PBXBuildFile; fileRef = F3692C4629F3B8B3005B9B7D /* GreenViewController.swift */; };
		F3692C4A29F3BA51005B9B7D /* WhiteViewController.swift in Sources */ = {isa = PBXBuildFile; fileRef = F3692C4929F3BA51005B9B7D /* WhiteViewController.swift */; };
		F3692C4E29F3BD08005B9B7D /* Red2ViewController.swift in Sources */ = {isa = PBXBuildFile; fileRef = F3692C4D29F3BD08005B9B7D /* Red2ViewController.swift */; };
/* End PBXBuildFile section */

/* Begin PBXFileReference section */
		F3692C2A29F398DD005B9B7D /* TrafficSegues.app */ = {isa = PBXFileReference; explicitFileType = wrapper.application; includeInIndex = 0; path = TrafficSegues.app; sourceTree = BUILT_PRODUCTS_DIR; };
		F3692C2D29F398DD005B9B7D /* AppDelegate.swift */ = {isa = PBXFileReference; lastKnownFileType = sourcecode.swift; path = AppDelegate.swift; sourceTree = "<group>"; };
		F3692C2F29F398DD005B9B7D /* SceneDelegate.swift */ = {isa = PBXFileReference; lastKnownFileType = sourcecode.swift; path = SceneDelegate.swift; sourceTree = "<group>"; };
		F3692C3429F398DD005B9B7D /* Base */ = {isa = PBXFileReference; lastKnownFileType = file.storyboard; name = Base; path = Base.lproj/Main.storyboard; sourceTree = "<group>"; };
		F3692C3629F398E2005B9B7D /* Assets.xcassets */ = {isa = PBXFileReference; lastKnownFileType = folder.assetcatalog; path = Assets.xcassets; sourceTree = "<group>"; };
		F3692C3929F398E2005B9B7D /* Base */ = {isa = PBXFileReference; lastKnownFileType = file.storyboard; name = Base; path = Base.lproj/LaunchScreen.storyboard; sourceTree = "<group>"; };
		F3692C3B29F398E2005B9B7D /* Info.plist */ = {isa = PBXFileReference; lastKnownFileType = text.plist.xml; path = Info.plist; sourceTree = "<group>"; };
		F3692C4629F3B8B3005B9B7D /* GreenViewController.swift */ = {isa = PBXFileReference; lastKnownFileType = sourcecode.swift; path = GreenViewController.swift; sourceTree = "<group>"; };
		F3692C4929F3BA51005B9B7D /* WhiteViewController.swift */ = {isa = PBXFileReference; lastKnownFileType = sourcecode.swift; path = WhiteViewController.swift; sourceTree = "<group>"; };
		F3692C4D29F3BD08005B9B7D /* Red2ViewController.swift */ = {isa = PBXFileReference; lastKnownFileType = sourcecode.swift; path = Red2ViewController.swift; sourceTree = "<group>"; };
/* End PBXFileReference section */

/* Begin PBXFrameworksBuildPhase section */
		F3692C2729F398DD005B9B7D /* Frameworks */ = {
			isa = PBXFrameworksBuildPhase;
			buildActionMask = 2147483647;
			files = (
			);
			runOnlyForDeploymentPostprocessing = 0;
		};
/* End PBXFrameworksBuildPhase section */

/* Begin PBXGroup section */
		F3692C2129F398DC005B9B7D = {
			isa = PBXGroup;
			children = (
				F3692C2C29F398DD005B9B7D /* TrafficSegues */,
				F3692C2B29F398DD005B9B7D /* Products */,
			);
			sourceTree = "<group>";
		};
		F3692C2B29F398DD005B9B7D /* Products */ = {
			isa = PBXGroup;
			children = (
				F3692C2A29F398DD005B9B7D /* TrafficSegues.app */,
			);
			name = Products;
			sourceTree = "<group>";
		};
		F3692C2C29F398DD005B9B7D /* TrafficSegues */ = {
			isa = PBXGroup;
			children = (
				F3692C4429F3B82C005B9B7D /* Controllers */,
				F3692C2D29F398DD005B9B7D /* AppDelegate.swift */,
				F3692C2F29F398DD005B9B7D /* SceneDelegate.swift */,
				F3692C3329F398DD005B9B7D /* Main.storyboard */,
				F3692C3629F398E2005B9B7D /* Assets.xcassets */,
				F3692C3829F398E2005B9B7D /* LaunchScreen.storyboard */,
				F3692C3B29F398E2005B9B7D /* Info.plist */,
			);
			path = TrafficSegues;
			sourceTree = "<group>";
		};
		F3692C4429F3B82C005B9B7D /* Controllers */ = {
			isa = PBXGroup;
			children = (
				F3692C4629F3B8B3005B9B7D /* GreenViewController.swift */,
				F3692C4929F3BA51005B9B7D /* WhiteViewController.swift */,
				F3692C4D29F3BD08005B9B7D /* Red2ViewController.swift */,
			);
			path = Controllers;
			sourceTree = "<group>";
		};
/* End PBXGroup section */

/* Begin PBXNativeTarget section */
		F3692C2929F398DD005B9B7D /* TrafficSegues */ = {
			isa = PBXNativeTarget;
			buildConfigurationList = F3692C3E29F398E2005B9B7D /* Build configuration list for PBXNativeTarget "TrafficSegues" */;
			buildPhases = (
				F3692C2629F398DD005B9B7D /* Sources */,
				F3692C2729F398DD005B9B7D /* Frameworks */,
				F3692C2829F398DD005B9B7D /* Resources */,
			);
			buildRules = (
			);
			dependencies = (
			);
			name = TrafficSegues;
			productName = TrafficSegues;
			productReference = F3692C2A29F398DD005B9B7D /* TrafficSegues.app */;
			productType = "com.apple.product-type.application";
		};
/* End PBXNativeTarget section */

/* Begin PBXProject section */
		F3692C2229F398DC005B9B7D /* Project object */ = {
			isa = PBXProject;
			attributes = {
				LastSwiftUpdateCheck = 1240;
				LastUpgradeCheck = 1240;
				TargetAttributes = {
					F3692C2929F398DD005B9B7D = {
						CreatedOnToolsVersion = 12.4;
					};
				};
			};
			buildConfigurationList = F3692C2529F398DC005B9B7D /* Build configuration list for PBXProject "TrafficSegues" */;
			compatibilityVersion = "Xcode 9.3";
			developmentRegion = en;
			hasScannedForEncodings = 0;
			knownRegions = (
				en,
				Base,
			);
			mainGroup = F3692C2129F398DC005B9B7D;
			productRefGroup = F3692C2B29F398DD005B9B7D /* Products */;
			projectDirPath = "";
			projectRoot = "";
			targets = (
				F3692C2929F398DD005B9B7D /* TrafficSegues */,
			);
		};
/* End PBXProject section */

/* Begin PBXResourcesBuildPhase section */
		F3692C2829F398DD005B9B7D /* Resources */ = {
			isa = PBXResourcesBuildPhase;
			buildActionMask = 2147483647;
			files = (
				F3692C3A29F398E2005B9B7D /* LaunchScreen.storyboard in Resources */,
				F3692C3729F398E2005B9B7D /* Assets.xcassets in Resources */,
				F3692C3529F398DD005B9B7D /* Main.storyboard in Resources */,
			);
			runOnlyForDeploymentPostprocessing = 0;
		};
/* End PBXResourcesBuildPhase section */

/* Begin PBXSourcesBuildPhase section */
		F3692C2629F398DD005B9B7D /* Sources */ = {
			isa = PBXSourcesBuildPhase;
			buildActionMask = 2147483647;
			files = (
				F3692C4729F3B8B3005B9B7D /* GreenViewController.swift in Sources */,
				F3692C4E29F3BD08005B9B7D /* Red2ViewController.swift in Sources */,
				F3692C2E29F398DD005B9B7D /* AppDelegate.swift in Sources */,
				F3692C4A29F3BA51005B9B7D /* WhiteViewController.swift in Sources */,
				F3692C3029F398DD005B9B7D /* SceneDelegate.swift in Sources */,
			);
			runOnlyForDeploymentPostprocessing = 0;
		};
/* End PBXSourcesBuildPhase section */

/* Begin PBXVariantGroup section */
		F3692C3329F398DD005B9B7D /* Main.storyboard */ = {
			isa = PBXVariantGroup;
			children = (
				F3692C3429F398DD005B9B7D /* Base */,
			);
			name = Main.storyboard;
			sourceTree = "<group>";
		};
		F3692C3829F398E2005B9B7D /* LaunchScreen.storyboard */ = {
			isa = PBXVariantGroup;
			children = (
				F3692C3929F398E2005B9B7D /* Base */,
			);
			name = LaunchScreen.storyboard;
			sourceTree = "<group>";
		};
/* End PBXVariantGroup section */

/* Begin XCBuildConfiguration section */
		F3692C3C29F398E2005B9B7D /* Debug */ = {
			isa = XCBuildConfiguration;
			buildSettings = {
				ALWAYS_SEARCH_USER_PATHS = NO;
				CLANG_ANALYZER_NONNULL = YES;
				CLANG_ANALYZER_NUMBER_OBJECT_CONVERSION = YES_AGGRESSIVE;
				CLANG_CXX_LANGUAGE_STANDARD = "gnu++14";
				CLANG_CXX_LIBRARY = "libc++";
				CLANG_ENABLE_MODULES = YES;
				CLANG_ENABLE_OBJC_ARC = YES;
				CLANG_ENABLE_OBJC_WEAK = YES;
				CLANG_WARN_BLOCK_CAPTURE_AUTORELEASING = YES;
				CLANG_WARN_BOOL_CONVERSION = YES;
				CLANG_WARN_COMMA = YES;
				CLANG_WARN_CONSTANT_CONVERSION = YES;
				CLANG_WARN_DEPRECATED_OBJC_IMPLEMENTATIONS = YES;
				CLANG_WARN_DIRECT_OBJC_ISA_USAGE = YES_ERROR;
				CLANG_WARN_DOCUMENTATION_COMMENTS = YES;
				CLANG_WARN_EMPTY_BODY = YES;
				CLANG_WARN_ENUM_CONVERSION = YES;
				CLANG_WARN_INFINITE_RECURSION = YES;
				CLANG_WARN_INT_CONVERSION = YES;
				CLANG_WARN_NON_LITERAL_NULL_CONVERSION = YES;
				CLANG_WARN_OBJC_IMPLICIT_RETAIN_SELF = YES;
				CLANG_WARN_OBJC_LITERAL_CONVERSION = YES;
				CLANG_WARN_OBJC_ROOT_CLASS = YES_ERROR;
				CLANG_WARN_QUOTED_INCLUDE_IN_FRAMEWORK_HEADER = YES;
				CLANG_WARN_RANGE_LOOP_ANALYSIS = YES;
				CLANG_WARN_STRICT_PROTOTYPES = YES;
				CLANG_WARN_SUSPICIOUS_MOVE = YES;
				CLANG_WARN_UNGUARDED_AVAILABILITY = YES_AGGRESSIVE;
				CLANG_WARN_UNREACHABLE_CODE = YES;
				CLANG_WARN__DUPLICATE_METHOD_MATCH = YES;
				COPY_PHASE_STRIP = NO;
				DEBUG_INFORMATION_FORMAT = dwarf;
				ENABLE_STRICT_OBJC_MSGSEND = YES;
				ENABLE_TESTABILITY = YES;
				GCC_C_LANGUAGE_STANDARD = gnu11;
				GCC_DYNAMIC_NO_PIC = NO;
				GCC_NO_COMMON_BLOCKS = YES;
				GCC_OPTIMIZATION_LEVEL = 0;
				GCC_PREPROCESSOR_DEFINITIONS = (
					"DEBUG=1",
					"$(inherited)",
				);
				GCC_WARN_64_TO_32_BIT_CONVERSION = YES;
				GCC_WARN_ABOUT_RETURN_TYPE = YES_ERROR;
				GCC_WARN_UNDECLARED_SELECTOR = YES;
				GCC_WARN_UNINITIALIZED_AUTOS = YES_AGGRESSIVE;
				GCC_WARN_UNUSED_FUNCTION = YES;
				GCC_WARN_UNUSED_VARIABLE = YES;
				IPHONEOS_DEPLOYMENT_TARGET = 14.4;
				MTL_ENABLE_DEBUG_INFO = INCLUDE_SOURCE;
				MTL_FAST_MATH = YES;
				ONLY_ACTIVE_ARCH = YES;
				SDKROOT = iphoneos;
				SWIFT_ACTIVE_COMPILATION_CONDITIONS = DEBUG;
				SWIFT_OPTIMIZATION_LEVEL = "-Onone";
			};
			name = Debug;
		};
		F3692C3D29F398E2005B9B7D /* Release */ = {
			isa = XCBuildConfiguration;
			buildSettings = {
				ALWAYS_SEARCH_USER_PATHS = NO;
				CLANG_ANALYZER_NONNULL = YES;
				CLANG_ANALYZER_NUMBER_OBJECT_CONVERSION = YES_AGGRESSIVE;
				CLANG_CXX_LANGUAGE_STANDARD = "gnu++14";
				CLANG_CXX_LIBRARY = "libc++";
				CLANG_ENABLE_MODULES = YES;
				CLANG_ENABLE_OBJC_ARC = YES;
				CLANG_ENABLE_OBJC_WEAK = YES;
				CLANG_WARN_BLOCK_CAPTURE_AUTORELEASING = YES;
				CLANG_WARN_BOOL_CONVERSION = YES;
				CLANG_WARN_COMMA = YES;
				CLANG_WARN_CONSTANT_CONVERSION = YES;
				CLANG_WARN_DEPRECATED_OBJC_IMPLEMENTATIONS = YES;
				CLANG_WARN_DIRECT_OBJC_ISA_USAGE = YES_ERROR;
				CLANG_WARN_DOCUMENTATION_COMMENTS = YES;
				CLANG_WARN_EMPTY_BODY = YES;
				CLANG_WARN_ENUM_CONVERSION = YES;
				CLANG_WARN_INFINITE_RECURSION = YES;
				CLANG_WARN_INT_CONVERSION = YES;
				CLANG_WARN_NON_LITERAL_NULL_CONVERSION = YES;
				CLANG_WARN_OBJC_IMPLICIT_RETAIN_SELF = YES;
				CLANG_WARN_OBJC_LITERAL_CONVERSION = YES;
				CLANG_WARN_OBJC_ROOT_CLASS = YES_ERROR;
				CLANG_WARN_QUOTED_INCLUDE_IN_FRAMEWORK_HEADER = YES;
				CLANG_WARN_RANGE_LOOP_ANALYSIS = YES;
				CLANG_WARN_STRICT_PROTOTYPES = YES;
				CLANG_WARN_SUSPICIOUS_MOVE = YES;
				CLANG_WARN_UNGUARDED_AVAILABILITY = YES_AGGRESSIVE;
				CLANG_WARN_UNREACHABLE_CODE = YES;
				CLANG_WARN__DUPLICATE_METHOD_MATCH = YES;
				COPY_PHASE_STRIP = NO;
				DEBUG_INFORMATION_FORMAT = "dwarf-with-dsym";
				ENABLE_NS_ASSERTIONS = NO;
				ENABLE_STRICT_OBJC_MSGSEND = YES;
				GCC_C_LANGUAGE_STANDARD = gnu11;
				GCC_NO_COMMON_BLOCKS = YES;
				GCC_WARN_64_TO_32_BIT_CONVERSION = YES;
				GCC_WARN_ABOUT_RETURN_TYPE = YES_ERROR;
				GCC_WARN_UNDECLARED_SELECTOR = YES;
				GCC_WARN_UNINITIALIZED_AUTOS = YES_AGGRESSIVE;
				GCC_WARN_UNUSED_FUNCTION = YES;
				GCC_WARN_UNUSED_VARIABLE = YES;
				IPHONEOS_DEPLOYMENT_TARGET = 14.4;
				MTL_ENABLE_DEBUG_INFO = NO;
				MTL_FAST_MATH = YES;
				SDKROOT = iphoneos;
				SWIFT_COMPILATION_MODE = wholemodule;
				SWIFT_OPTIMIZATION_LEVEL = "-O";
				VALIDATE_PRODUCT = YES;
			};
			name = Release;
		};
		F3692C3F29F398E2005B9B7D /* Debug */ = {
			isa = XCBuildConfiguration;
			buildSettings = {
				ASSETCATALOG_COMPILER_APPICON_NAME = AppIcon;
				ASSETCATALOG_COMPILER_GLOBAL_ACCENT_COLOR_NAME = AccentColor;
				CODE_SIGN_STYLE = Automatic;
				INFOPLIST_FILE = TrafficSegues/Info.plist;
				LD_RUNPATH_SEARCH_PATHS = (
					"$(inherited)",
					"@executable_path/Frameworks",
				);
				PRODUCT_BUNDLE_IDENTIFIER = vn.edu.bvu.taquangkhoi.TrafficSegues;
				PRODUCT_NAME = "$(TARGET_NAME)";
				SWIFT_VERSION = 5.0;
				TARGETED_DEVICE_FAMILY = "1,2";
			};
			name = Debug;
		};
		F3692C4029F398E2005B9B7D /* Release */ = {
			isa = XCBuildConfiguration;
			buildSettings = {
				ASSETCATALOG_COMPILER_APPICON_NAME = AppIcon;
				ASSETCATALOG_COMPILER_GLOBAL_ACCENT_COLOR_NAME = AccentColor;
				CODE_SIGN_STYLE = Automatic;
				INFOPLIST_FILE = TrafficSegues/Info.plist;
				LD_RUNPATH_SEARCH_PATHS = (
					"$(inherited)",
					"@executable_path/Frameworks",
				);
				PRODUCT_BUNDLE_IDENTIFIER = vn.edu.bvu.taquangkhoi.TrafficSegues;
				PRODUCT_NAME = "$(TARGET_NAME)";
				SWIFT_VERSION = 5.0;
				TARGETED_DEVICE_FAMILY = "1,2";
			};
			name = Release;
		};
/* End XCBuildConfiguration section */

/* Begin XCConfigurationList section */
		F3692C2529F398DC005B9B7D /* Build configuration list for PBXProject "TrafficSegues" */ = {
			isa = XCConfigurationList;
			buildConfigurations = (
				F3692C3C29F398E2005B9B7D /* Debug */,
				F3692C3D29F398E2005B9B7D /* Release */,
			);
			defaultConfigurationIsVisible = 0;
			defaultConfigurationName = Release;
		};
		F3692C3E29F398E2005B9B7D /* Build configuration list for PBXNativeTarget "TrafficSegues" */ = {
			isa = XCConfigurationList;
			buildConfigurations = (
				F3692C3F29F398E2005B9B7D /* Debug */,
				F3692C4029F398E2005B9B7D /* Release */,
			);
			defaultConfigurationIsVisible = 0;
			defaultConfigurationName = Release;
		};
/* End XCConfigurationList section */
	};
	rootObject = F3692C2229F398DC005B9B7D /* Project object */;
}
