// !$*UTF8*$!
{
	archiveVersion = 1;
	classes = {
	};
	objectVersion = 50;
	objects = {

/* Begin PBXBuildFile section */
		F35DB4442A05DBD9004F7DF3 /* AppDelegate.swift in Sources */ = {isa = PBXBuildFile; fileRef = F35DB4432A05DBD9004F7DF3 /* AppDelegate.swift */; };
		F35DB4462A05DBD9004F7DF3 /* SceneDelegate.swift in Sources */ = {isa = PBXBuildFile; fileRef = F35DB4452A05DBD9004F7DF3 /* SceneDelegate.swift */; };
		F35DB4482A05DBD9004F7DF3 /* IntroductionViewController.swift in Sources */ = {isa = PBXBuildFile; fileRef = F35DB4472A05DBD9004F7DF3 /* IntroductionViewController.swift */; };
		F35DB44B2A05DBD9004F7DF3 /* Main.storyboard in Resources */ = {isa = PBXBuildFile; fileRef = F35DB4492A05DBD9004F7DF3 /* Main.storyboard */; };
		F35DB44D2A05DBDD004F7DF3 /* Assets.xcassets in Resources */ = {isa = PBXBuildFile; fileRef = F35DB44C2A05DBDD004F7DF3 /* Assets.xcassets */; };
		F35DB4502A05DBDD004F7DF3 /* LaunchScreen.storyboard in Resources */ = {isa = PBXBuildFile; fileRef = F35DB44E2A05DBDD004F7DF3 /* LaunchScreen.storyboard */; };
		F35DB45A2A05E8AE004F7DF3 /* QuestionViewController.swift in Sources */ = {isa = PBXBuildFile; fileRef = F35DB4592A05E8AE004F7DF3 /* QuestionViewController.swift */; };
		F35DB45D2A05E8E0004F7DF3 /* ResultsViewController.swift in Sources */ = {isa = PBXBuildFile; fileRef = F35DB45C2A05E8E0004F7DF3 /* ResultsViewController.swift */; };
		F35DB4612A05F83A004F7DF3 /* Question.swift in Sources */ = {isa = PBXBuildFile; fileRef = F35DB4602A05F83A004F7DF3 /* Question.swift */; };
		F35DB4642A05F951004F7DF3 /* Answer.swift in Sources */ = {isa = PBXBuildFile; fileRef = F35DB4632A05F951004F7DF3 /* Answer.swift */; };
/* End PBXBuildFile section */

/* Begin PBXFileReference section */
		F35DB4402A05DBD9004F7DF3 /* PersonalityQuiz.app */ = {isa = PBXFileReference; explicitFileType = wrapper.application; includeInIndex = 0; path = PersonalityQuiz.app; sourceTree = BUILT_PRODUCTS_DIR; };
		F35DB4432A05DBD9004F7DF3 /* AppDelegate.swift */ = {isa = PBXFileReference; lastKnownFileType = sourcecode.swift; path = AppDelegate.swift; sourceTree = "<group>"; };
		F35DB4452A05DBD9004F7DF3 /* SceneDelegate.swift */ = {isa = PBXFileReference; lastKnownFileType = sourcecode.swift; path = SceneDelegate.swift; sourceTree = "<group>"; };
		F35DB4472A05DBD9004F7DF3 /* IntroductionViewController.swift */ = {isa = PBXFileReference; lastKnownFileType = sourcecode.swift; path = IntroductionViewController.swift; sourceTree = "<group>"; };
		F35DB44A2A05DBD9004F7DF3 /* Base */ = {isa = PBXFileReference; lastKnownFileType = file.storyboard; name = Base; path = Base.lproj/Main.storyboard; sourceTree = "<group>"; };
		F35DB44C2A05DBDD004F7DF3 /* Assets.xcassets */ = {isa = PBXFileReference; lastKnownFileType = folder.assetcatalog; path = Assets.xcassets; sourceTree = "<group>"; };
		F35DB44F2A05DBDD004F7DF3 /* Base */ = {isa = PBXFileReference; lastKnownFileType = file.storyboard; name = Base; path = Base.lproj/LaunchScreen.storyboard; sourceTree = "<group>"; };
		F35DB4512A05DBDD004F7DF3 /* Info.plist */ = {isa = PBXFileReference; lastKnownFileType = text.plist.xml; path = Info.plist; sourceTree = "<group>"; };
		F35DB4592A05E8AE004F7DF3 /* QuestionViewController.swift */ = {isa = PBXFileReference; lastKnownFileType = sourcecode.swift; path = QuestionViewController.swift; sourceTree = "<group>"; };
		F35DB45C2A05E8E0004F7DF3 /* ResultsViewController.swift */ = {isa = PBXFileReference; lastKnownFileType = sourcecode.swift; path = ResultsViewController.swift; sourceTree = "<group>"; };
		F35DB4602A05F83A004F7DF3 /* Question.swift */ = {isa = PBXFileReference; lastKnownFileType = sourcecode.swift; path = Question.swift; sourceTree = "<group>"; };
		F35DB4632A05F951004F7DF3 /* Answer.swift */ = {isa = PBXFileReference; lastKnownFileType = sourcecode.swift; path = Answer.swift; sourceTree = "<group>"; };
/* End PBXFileReference section */

/* Begin PBXFrameworksBuildPhase section */
		F35DB43D2A05DBD9004F7DF3 /* Frameworks */ = {
			isa = PBXFrameworksBuildPhase;
			buildActionMask = 2147483647;
			files = (
			);
			runOnlyForDeploymentPostprocessing = 0;
		};
/* End PBXFrameworksBuildPhase section */

/* Begin PBXGroup section */
		F35DB4372A05DBD9004F7DF3 = {
			isa = PBXGroup;
			children = (
				F35DB4422A05DBD9004F7DF3 /* PersonalityQuiz */,
				F35DB4412A05DBD9004F7DF3 /* Products */,
			);
			sourceTree = "<group>";
		};
		F35DB4412A05DBD9004F7DF3 /* Products */ = {
			isa = PBXGroup;
			children = (
				F35DB4402A05DBD9004F7DF3 /* PersonalityQuiz.app */,
			);
			name = Products;
			sourceTree = "<group>";
		};
		F35DB4422A05DBD9004F7DF3 /* PersonalityQuiz */ = {
			isa = PBXGroup;
			children = (
				F35DB4432A05DBD9004F7DF3 /* AppDelegate.swift */,
				F35DB4452A05DBD9004F7DF3 /* SceneDelegate.swift */,
				F35DB4472A05DBD9004F7DF3 /* IntroductionViewController.swift */,
				F35DB4492A05DBD9004F7DF3 /* Main.storyboard */,
				F35DB4632A05F951004F7DF3 /* Answer.swift */,
				F35DB4602A05F83A004F7DF3 /* Question.swift */,
				F35DB4592A05E8AE004F7DF3 /* QuestionViewController.swift */,
				F35DB45C2A05E8E0004F7DF3 /* ResultsViewController.swift */,
				F35DB44C2A05DBDD004F7DF3 /* Assets.xcassets */,
				F35DB44E2A05DBDD004F7DF3 /* LaunchScreen.storyboard */,
				F35DB4512A05DBDD004F7DF3 /* Info.plist */,
			);
			path = PersonalityQuiz;
			sourceTree = "<group>";
		};
/* End PBXGroup section */

/* Begin PBXNativeTarget section */
		F35DB43F2A05DBD9004F7DF3 /* PersonalityQuiz */ = {
			isa = PBXNativeTarget;
			buildConfigurationList = F35DB4542A05DBDD004F7DF3 /* Build configuration list for PBXNativeTarget "PersonalityQuiz" */;
			buildPhases = (
				F35DB43C2A05DBD9004F7DF3 /* Sources */,
				F35DB43D2A05DBD9004F7DF3 /* Frameworks */,
				F35DB43E2A05DBD9004F7DF3 /* Resources */,
			);
			buildRules = (
			);
			dependencies = (
			);
			name = PersonalityQuiz;
			productName = PersonalityQuiz;
			productReference = F35DB4402A05DBD9004F7DF3 /* PersonalityQuiz.app */;
			productType = "com.apple.product-type.application";
		};
/* End PBXNativeTarget section */

/* Begin PBXProject section */
		F35DB4382A05DBD9004F7DF3 /* Project object */ = {
			isa = PBXProject;
			attributes = {
				LastSwiftUpdateCheck = 1240;
				LastUpgradeCheck = 1240;
				TargetAttributes = {
					F35DB43F2A05DBD9004F7DF3 = {
						CreatedOnToolsVersion = 12.4;
					};
				};
			};
			buildConfigurationList = F35DB43B2A05DBD9004F7DF3 /* Build configuration list for PBXProject "PersonalityQuiz" */;
			compatibilityVersion = "Xcode 9.3";
			developmentRegion = en;
			hasScannedForEncodings = 0;
			knownRegions = (
				en,
				Base,
			);
			mainGroup = F35DB4372A05DBD9004F7DF3;
			productRefGroup = F35DB4412A05DBD9004F7DF3 /* Products */;
			projectDirPath = "";
			projectRoot = "";
			targets = (
				F35DB43F2A05DBD9004F7DF3 /* PersonalityQuiz */,
			);
		};
/* End PBXProject section */

/* Begin PBXResourcesBuildPhase section */
		F35DB43E2A05DBD9004F7DF3 /* Resources */ = {
			isa = PBXResourcesBuildPhase;
			buildActionMask = 2147483647;
			files = (
				F35DB4502A05DBDD004F7DF3 /* LaunchScreen.storyboard in Resources */,
				F35DB44D2A05DBDD004F7DF3 /* Assets.xcassets in Resources */,
				F35DB44B2A05DBD9004F7DF3 /* Main.storyboard in Resources */,
			);
			runOnlyForDeploymentPostprocessing = 0;
		};
/* End PBXResourcesBuildPhase section */

/* Begin PBXSourcesBuildPhase section */
		F35DB43C2A05DBD9004F7DF3 /* Sources */ = {
			isa = PBXSourcesBuildPhase;
			buildActionMask = 2147483647;
			files = (
				F35DB4482A05DBD9004F7DF3 /* IntroductionViewController.swift in Sources */,
				F35DB4442A05DBD9004F7DF3 /* AppDelegate.swift in Sources */,
				F35DB45A2A05E8AE004F7DF3 /* QuestionViewController.swift in Sources */,
				F35DB4642A05F951004F7DF3 /* Answer.swift in Sources */,
				F35DB4612A05F83A004F7DF3 /* Question.swift in Sources */,
				F35DB45D2A05E8E0004F7DF3 /* ResultsViewController.swift in Sources */,
				F35DB4462A05DBD9004F7DF3 /* SceneDelegate.swift in Sources */,
			);
			runOnlyForDeploymentPostprocessing = 0;
		};
/* End PBXSourcesBuildPhase section */

/* Begin PBXVariantGroup section */
		F35DB4492A05DBD9004F7DF3 /* Main.storyboard */ = {
			isa = PBXVariantGroup;
			children = (
				F35DB44A2A05DBD9004F7DF3 /* Base */,
			);
			name = Main.storyboard;
			sourceTree = "<group>";
		};
		F35DB44E2A05DBDD004F7DF3 /* LaunchScreen.storyboard */ = {
			isa = PBXVariantGroup;
			children = (
				F35DB44F2A05DBDD004F7DF3 /* Base */,
			);
			name = LaunchScreen.storyboard;
			sourceTree = "<group>";
		};
/* End PBXVariantGroup section */

/* Begin XCBuildConfiguration section */
		F35DB4522A05DBDD004F7DF3 /* Debug */ = {
			isa = XCBuildConfiguration;
			buildSettings = {
				ALWAYS_SEARCH_USER_PATHS = NO;
				CLANG_ANALYZER_NONNULL = YES;
				CLANG_ANALYZER_NUMBER_OBJECT_CONVERSION = YES_AGGRESSIVE;
				CLANG_CXX_LANGUAGE_STANDARD = "gnu++14";
				CLANG_CXX_LIBRARY = "libc++";
				CLANG_ENABLE_MODULES = YES;
				CLANG_ENABLE_OBJC_ARC = YES;
				CLANG_ENABLE_OBJC_WEAK = YES;
				CLANG_WARN_BLOCK_CAPTURE_AUTORELEASING = YES;
				CLANG_WARN_BOOL_CONVERSION = YES;
				CLANG_WARN_COMMA = YES;
				CLANG_WARN_CONSTANT_CONVERSION = YES;
				CLANG_WARN_DEPRECATED_OBJC_IMPLEMENTATIONS = YES;
				CLANG_WARN_DIRECT_OBJC_ISA_USAGE = YES_ERROR;
				CLANG_WARN_DOCUMENTATION_COMMENTS = YES;
				CLANG_WARN_EMPTY_BODY = YES;
				CLANG_WARN_ENUM_CONVERSION = YES;
				CLANG_WARN_INFINITE_RECURSION = YES;
				CLANG_WARN_INT_CONVERSION = YES;
				CLANG_WARN_NON_LITERAL_NULL_CONVERSION = YES;
				CLANG_WARN_OBJC_IMPLICIT_RETAIN_SELF = YES;
				CLANG_WARN_OBJC_LITERAL_CONVERSION = YES;
				CLANG_WARN_OBJC_ROOT_CLASS = YES_ERROR;
				CLANG_WARN_QUOTED_INCLUDE_IN_FRAMEWORK_HEADER = YES;
				CLANG_WARN_RANGE_LOOP_ANALYSIS = YES;
				CLANG_WARN_STRICT_PROTOTYPES = YES;
				CLANG_WARN_SUSPICIOUS_MOVE = YES;
				CLANG_WARN_UNGUARDED_AVAILABILITY = YES_AGGRESSIVE;
				CLANG_WARN_UNREACHABLE_CODE = YES;
				CLANG_WARN__DUPLICATE_METHOD_MATCH = YES;
				COPY_PHASE_STRIP = NO;
				DEBUG_INFORMATION_FORMAT = dwarf;
				ENABLE_STRICT_OBJC_MSGSEND = YES;
				ENABLE_TESTABILITY = YES;
				GCC_C_LANGUAGE_STANDARD = gnu11;
				GCC_DYNAMIC_NO_PIC = NO;
				GCC_NO_COMMON_BLOCKS = YES;
				GCC_OPTIMIZATION_LEVEL = 0;
				GCC_PREPROCESSOR_DEFINITIONS = (
					"DEBUG=1",
					"$(inherited)",
				);
				GCC_WARN_64_TO_32_BIT_CONVERSION = YES;
				GCC_WARN_ABOUT_RETURN_TYPE = YES_ERROR;
				GCC_WARN_UNDECLARED_SELECTOR = YES;
				GCC_WARN_UNINITIALIZED_AUTOS = YES_AGGRESSIVE;
				GCC_WARN_UNUSED_FUNCTION = YES;
				GCC_WARN_UNUSED_VARIABLE = YES;
				IPHONEOS_DEPLOYMENT_TARGET = 14.4;
				MTL_ENABLE_DEBUG_INFO = INCLUDE_SOURCE;
				MTL_FAST_MATH = YES;
				ONLY_ACTIVE_ARCH = YES;
				SDKROOT = iphoneos;
				SWIFT_ACTIVE_COMPILATION_CONDITIONS = DEBUG;
				SWIFT_OPTIMIZATION_LEVEL = "-Onone";
			};
			name = Debug;
		};
		F35DB4532A05DBDD004F7DF3 /* Release */ = {
			isa = XCBuildConfiguration;
			buildSettings = {
				ALWAYS_SEARCH_USER_PATHS = NO;
				CLANG_ANALYZER_NONNULL = YES;
				CLANG_ANALYZER_NUMBER_OBJECT_CONVERSION = YES_AGGRESSIVE;
				CLANG_CXX_LANGUAGE_STANDARD = "gnu++14";
				CLANG_CXX_LIBRARY = "libc++";
				CLANG_ENABLE_MODULES = YES;
				CLANG_ENABLE_OBJC_ARC = YES;
				CLANG_ENABLE_OBJC_WEAK = YES;
				CLANG_WARN_BLOCK_CAPTURE_AUTORELEASING = YES;
				CLANG_WARN_BOOL_CONVERSION = YES;
				CLANG_WARN_COMMA = YES;
				CLANG_WARN_CONSTANT_CONVERSION = YES;
				CLANG_WARN_DEPRECATED_OBJC_IMPLEMENTATIONS = YES;
				CLANG_WARN_DIRECT_OBJC_ISA_USAGE = YES_ERROR;
				CLANG_WARN_DOCUMENTATION_COMMENTS = YES;
				CLANG_WARN_EMPTY_BODY = YES;
				CLANG_WARN_ENUM_CONVERSION = YES;
				CLANG_WARN_INFINITE_RECURSION = YES;
				CLANG_WARN_INT_CONVERSION = YES;
				CLANG_WARN_NON_LITERAL_NULL_CONVERSION = YES;
				CLANG_WARN_OBJC_IMPLICIT_RETAIN_SELF = YES;
				CLANG_WARN_OBJC_LITERAL_CONVERSION = YES;
				CLANG_WARN_OBJC_ROOT_CLASS = YES_ERROR;
				CLANG_WARN_QUOTED_INCLUDE_IN_FRAMEWORK_HEADER = YES;
				CLANG_WARN_RANGE_LOOP_ANALYSIS = YES;
				CLANG_WARN_STRICT_PROTOTYPES = YES;
				CLANG_WARN_SUSPICIOUS_MOVE = YES;
				CLANG_WARN_UNGUARDED_AVAILABILITY = YES_AGGRESSIVE;
				CLANG_WARN_UNREACHABLE_CODE = YES;
				CLANG_WARN__DUPLICATE_METHOD_MATCH = YES;
				COPY_PHASE_STRIP = NO;
				DEBUG_INFORMATION_FORMAT = "dwarf-with-dsym";
				ENABLE_NS_ASSERTIONS = NO;
				ENABLE_STRICT_OBJC_MSGSEND = YES;
				GCC_C_LANGUAGE_STANDARD = gnu11;
				GCC_NO_COMMON_BLOCKS = YES;
				GCC_WARN_64_TO_32_BIT_CONVERSION = YES;
				GCC_WARN_ABOUT_RETURN_TYPE = YES_ERROR;
				GCC_WARN_UNDECLARED_SELECTOR = YES;
				GCC_WARN_UNINITIALIZED_AUTOS = YES_AGGRESSIVE;
				GCC_WARN_UNUSED_FUNCTION = YES;
				GCC_WARN_UNUSED_VARIABLE = YES;
				IPHONEOS_DEPLOYMENT_TARGET = 14.4;
				MTL_ENABLE_DEBUG_INFO = NO;
				MTL_FAST_MATH = YES;
				SDKROOT = iphoneos;
				SWIFT_COMPILATION_MODE = wholemodule;
				SWIFT_OPTIMIZATION_LEVEL = "-O";
				VALIDATE_PRODUCT = YES;
			};
			name = Release;
		};
		F35DB4552A05DBDD004F7DF3 /* Debug */ = {
			isa = XCBuildConfiguration;
			buildSettings = {
				ASSETCATALOG_COMPILER_APPICON_NAME = AppIcon;
				ASSETCATALOG_COMPILER_GLOBAL_ACCENT_COLOR_NAME = AccentColor;
				CODE_SIGN_STYLE = Automatic;
				INFOPLIST_FILE = PersonalityQuiz/Info.plist;
				LD_RUNPATH_SEARCH_PATHS = (
					"$(inherited)",
					"@executable_path/Frameworks",
				);
				PRODUCT_BUNDLE_IDENTIFIER = vn.edu.bvu.taquangkhoi.PersonalityQuiz;
				PRODUCT_NAME = "$(TARGET_NAME)";
				SWIFT_VERSION = 5.0;
				TARGETED_DEVICE_FAMILY = "1,2";
			};
			name = Debug;
		};
		F35DB4562A05DBDD004F7DF3 /* Release */ = {
			isa = XCBuildConfiguration;
			buildSettings = {
				ASSETCATALOG_COMPILER_APPICON_NAME = AppIcon;
				ASSETCATALOG_COMPILER_GLOBAL_ACCENT_COLOR_NAME = AccentColor;
				CODE_SIGN_STYLE = Automatic;
				INFOPLIST_FILE = PersonalityQuiz/Info.plist;
				LD_RUNPATH_SEARCH_PATHS = (
					"$(inherited)",
					"@executable_path/Frameworks",
				);
				PRODUCT_BUNDLE_IDENTIFIER = vn.edu.bvu.taquangkhoi.PersonalityQuiz;
				PRODUCT_NAME = "$(TARGET_NAME)";
				SWIFT_VERSION = 5.0;
				TARGETED_DEVICE_FAMILY = "1,2";
			};
			name = Release;
		};
/* End XCBuildConfiguration section */

/* Begin XCConfigurationList section */
		F35DB43B2A05DBD9004F7DF3 /* Build configuration list for PBXProject "PersonalityQuiz" */ = {
			isa = XCConfigurationList;
			buildConfigurations = (
				F35DB4522A05DBDD004F7DF3 /* Debug */,
				F35DB4532A05DBDD004F7DF3 /* Release */,
			);
			defaultConfigurationIsVisible = 0;
			defaultConfigurationName = Release;
		};
		F35DB4542A05DBDD004F7DF3 /* Build configuration list for PBXNativeTarget "PersonalityQuiz" */ = {
			isa = XCConfigurationList;
			buildConfigurations = (
				F35DB4552A05DBDD004F7DF3 /* Debug */,
				F35DB4562A05DBDD004F7DF3 /* Release */,
			);
			defaultConfigurationIsVisible = 0;
			defaultConfigurationName = Release;
		};
/* End XCConfigurationList section */
	};
	rootObject = F35DB4382A05DBD9004F7DF3 /* Project object */;
}
