// !$*UTF8*$!
{
	archiveVersion = 1;
	classes = {
	};
	objectVersion = 50;
	objects = {

/* Begin PBXBuildFile section */
		F31786D72A24282D0042CADC /* AppDelegate.swift in Sources */ = {isa = PBXBuildFile; fileRef = F31786D62A24282D0042CADC /* AppDelegate.swift */; };
		F31786D92A24282D0042CADC /* SceneDelegate.swift in Sources */ = {isa = PBXBuildFile; fileRef = F31786D82A24282D0042CADC /* SceneDelegate.swift */; };
		F31786DB2A24282D0042CADC /* ViewController.swift in Sources */ = {isa = PBXBuildFile; fileRef = F31786DA2A24282D0042CADC /* ViewController.swift */; };
		F31786DE2A24282D0042CADC /* Main.storyboard in Resources */ = {isa = PBXBuildFile; fileRef = F31786DC2A24282D0042CADC /* Main.storyboard */; };
		F31786E12A24282D0042CADC /* TaQuangKhoiQuizManagement.xcdatamodeld in Sources */ = {isa = PBXBuildFile; fileRef = F31786DF2A24282D0042CADC /* TaQuangKhoiQuizManagement.xcdatamodeld */; };
		F31786E32A2428330042CADC /* Assets.xcassets in Resources */ = {isa = PBXBuildFile; fileRef = F31786E22A2428330042CADC /* Assets.xcassets */; };
		F31786E62A2428330042CADC /* LaunchScreen.storyboard in Resources */ = {isa = PBXBuildFile; fileRef = F31786E42A2428330042CADC /* LaunchScreen.storyboard */; };
		F31786EF2A242AB50042CADC /* Screen1TableViewController.swift in Sources */ = {isa = PBXBuildFile; fileRef = F31786EE2A242AB50042CADC /* Screen1TableViewController.swift */; };
/* End PBXBuildFile section */

/* Begin PBXFileReference section */
		F31786D32A24282C0042CADC /* TaQuangKhoiQuizManagement.app */ = {isa = PBXFileReference; explicitFileType = wrapper.application; includeInIndex = 0; path = TaQuangKhoiQuizManagement.app; sourceTree = BUILT_PRODUCTS_DIR; };
		F31786D62A24282D0042CADC /* AppDelegate.swift */ = {isa = PBXFileReference; lastKnownFileType = sourcecode.swift; path = AppDelegate.swift; sourceTree = "<group>"; };
		F31786D82A24282D0042CADC /* SceneDelegate.swift */ = {isa = PBXFileReference; lastKnownFileType = sourcecode.swift; path = SceneDelegate.swift; sourceTree = "<group>"; };
		F31786DA2A24282D0042CADC /* ViewController.swift */ = {isa = PBXFileReference; lastKnownFileType = sourcecode.swift; path = ViewController.swift; sourceTree = "<group>"; };
		F31786DD2A24282D0042CADC /* Base */ = {isa = PBXFileReference; lastKnownFileType = file.storyboard; name = Base; path = Base.lproj/Main.storyboard; sourceTree = "<group>"; };
		F31786E02A24282D0042CADC /* TaQuangKhoiQuizManagement.xcdatamodel */ = {isa = PBXFileReference; lastKnownFileType = wrapper.xcdatamodel; path = TaQuangKhoiQuizManagement.xcdatamodel; sourceTree = "<group>"; };
		F31786E22A2428330042CADC /* Assets.xcassets */ = {isa = PBXFileReference; lastKnownFileType = folder.assetcatalog; path = Assets.xcassets; sourceTree = "<group>"; };
		F31786E52A2428330042CADC /* Base */ = {isa = PBXFileReference; lastKnownFileType = file.storyboard; name = Base; path = Base.lproj/LaunchScreen.storyboard; sourceTree = "<group>"; };
		F31786E72A2428330042CADC /* Info.plist */ = {isa = PBXFileReference; lastKnownFileType = text.plist.xml; path = Info.plist; sourceTree = "<group>"; };
		F31786EE2A242AB50042CADC /* Screen1TableViewController.swift */ = {isa = PBXFileReference; lastKnownFileType = sourcecode.swift; path = Screen1TableViewController.swift; sourceTree = "<group>"; };
/* End PBXFileReference section */

/* Begin PBXFrameworksBuildPhase section */
		F31786D02A24282C0042CADC /* Frameworks */ = {
			isa = PBXFrameworksBuildPhase;
			buildActionMask = 2147483647;
			files = (
			);
			runOnlyForDeploymentPostprocessing = 0;
		};
/* End PBXFrameworksBuildPhase section */

/* Begin PBXGroup section */
		F31786CA2A24282C0042CADC = {
			isa = PBXGroup;
			children = (
				F31786D52A24282C0042CADC /* TaQuangKhoiQuizManagement */,
				F31786D42A24282C0042CADC /* Products */,
			);
			sourceTree = "<group>";
		};
		F31786D42A24282C0042CADC /* Products */ = {
			isa = PBXGroup;
			children = (
				F31786D32A24282C0042CADC /* TaQuangKhoiQuizManagement.app */,
			);
			name = Products;
			sourceTree = "<group>";
		};
		F31786D52A24282C0042CADC /* TaQuangKhoiQuizManagement */ = {
			isa = PBXGroup;
			children = (
				F31786D62A24282D0042CADC /* AppDelegate.swift */,
				F31786D82A24282D0042CADC /* SceneDelegate.swift */,
				F31786DA2A24282D0042CADC /* ViewController.swift */,
				F31786DC2A24282D0042CADC /* Main.storyboard */,
				F31786E22A2428330042CADC /* Assets.xcassets */,
				F31786E42A2428330042CADC /* LaunchScreen.storyboard */,
				F31786E72A2428330042CADC /* Info.plist */,
				F31786DF2A24282D0042CADC /* TaQuangKhoiQuizManagement.xcdatamodeld */,
				F31786EE2A242AB50042CADC /* Screen1TableViewController.swift */,
			);
			path = TaQuangKhoiQuizManagement;
			sourceTree = "<group>";
		};
/* End PBXGroup section */

/* Begin PBXNativeTarget section */
		F31786D22A24282C0042CADC /* TaQuangKhoiQuizManagement */ = {
			isa = PBXNativeTarget;
			buildConfigurationList = F31786EA2A2428330042CADC /* Build configuration list for PBXNativeTarget "TaQuangKhoiQuizManagement" */;
			buildPhases = (
				F31786CF2A24282C0042CADC /* Sources */,
				F31786D02A24282C0042CADC /* Frameworks */,
				F31786D12A24282C0042CADC /* Resources */,
			);
			buildRules = (
			);
			dependencies = (
			);
			name = TaQuangKhoiQuizManagement;
			productName = TaQuangKhoiQuizManagement;
			productReference = F31786D32A24282C0042CADC /* TaQuangKhoiQuizManagement.app */;
			productType = "com.apple.product-type.application";
		};
/* End PBXNativeTarget section */

/* Begin PBXProject section */
		F31786CB2A24282C0042CADC /* Project object */ = {
			isa = PBXProject;
			attributes = {
				LastSwiftUpdateCheck = 1240;
				LastUpgradeCheck = 1240;
				TargetAttributes = {
					F31786D22A24282C0042CADC = {
						CreatedOnToolsVersion = 12.4;
					};
				};
			};
			buildConfigurationList = F31786CE2A24282C0042CADC /* Build configuration list for PBXProject "TaQuangKhoiQuizManagement" */;
			compatibilityVersion = "Xcode 9.3";
			developmentRegion = en;
			hasScannedForEncodings = 0;
			knownRegions = (
				en,
				Base,
			);
			mainGroup = F31786CA2A24282C0042CADC;
			productRefGroup = F31786D42A24282C0042CADC /* Products */;
			projectDirPath = "";
			projectRoot = "";
			targets = (
				F31786D22A24282C0042CADC /* TaQuangKhoiQuizManagement */,
			);
		};
/* End PBXProject section */

/* Begin PBXResourcesBuildPhase section */
		F31786D12A24282C0042CADC /* Resources */ = {
			isa = PBXResourcesBuildPhase;
			buildActionMask = 2147483647;
			files = (
				F31786E62A2428330042CADC /* LaunchScreen.storyboard in Resources */,
				F31786E32A2428330042CADC /* Assets.xcassets in Resources */,
				F31786DE2A24282D0042CADC /* Main.storyboard in Resources */,
			);
			runOnlyForDeploymentPostprocessing = 0;
		};
/* End PBXResourcesBuildPhase section */

/* Begin PBXSourcesBuildPhase section */
		F31786CF2A24282C0042CADC /* Sources */ = {
			isa = PBXSourcesBuildPhase;
			buildActionMask = 2147483647;
			files = (
				F31786E12A24282D0042CADC /* TaQuangKhoiQuizManagement.xcdatamodeld in Sources */,
				F31786DB2A24282D0042CADC /* ViewController.swift in Sources */,
				F31786EF2A242AB50042CADC /* Screen1TableViewController.swift in Sources */,
				F31786D72A24282D0042CADC /* AppDelegate.swift in Sources */,
				F31786D92A24282D0042CADC /* SceneDelegate.swift in Sources */,
			);
			runOnlyForDeploymentPostprocessing = 0;
		};
/* End PBXSourcesBuildPhase section */

/* Begin PBXVariantGroup section */
		F31786DC2A24282D0042CADC /* Main.storyboard */ = {
			isa = PBXVariantGroup;
			children = (
				F31786DD2A24282D0042CADC /* Base */,
			);
			name = Main.storyboard;
			sourceTree = "<group>";
		};
		F31786E42A2428330042CADC /* LaunchScreen.storyboard */ = {
			isa = PBXVariantGroup;
			children = (
				F31786E52A2428330042CADC /* Base */,
			);
			name = LaunchScreen.storyboard;
			sourceTree = "<group>";
		};
/* End PBXVariantGroup section */

/* Begin XCBuildConfiguration section */
		F31786E82A2428330042CADC /* Debug */ = {
			isa = XCBuildConfiguration;
			buildSettings = {
				ALWAYS_SEARCH_USER_PATHS = NO;
				CLANG_ANALYZER_NONNULL = YES;
				CLANG_ANALYZER_NUMBER_OBJECT_CONVERSION = YES_AGGRESSIVE;
				CLANG_CXX_LANGUAGE_STANDARD = "gnu++14";
				CLANG_CXX_LIBRARY = "libc++";
				CLANG_ENABLE_MODULES = YES;
				CLANG_ENABLE_OBJC_ARC = YES;
				CLANG_ENABLE_OBJC_WEAK = YES;
				CLANG_WARN_BLOCK_CAPTURE_AUTORELEASING = YES;
				CLANG_WARN_BOOL_CONVERSION = YES;
				CLANG_WARN_COMMA = YES;
				CLANG_WARN_CONSTANT_CONVERSION = YES;
				CLANG_WARN_DEPRECATED_OBJC_IMPLEMENTATIONS = YES;
				CLANG_WARN_DIRECT_OBJC_ISA_USAGE = YES_ERROR;
				CLANG_WARN_DOCUMENTATION_COMMENTS = YES;
				CLANG_WARN_EMPTY_BODY = YES;
				CLANG_WARN_ENUM_CONVERSION = YES;
				CLANG_WARN_INFINITE_RECURSION = YES;
				CLANG_WARN_INT_CONVERSION = YES;
				CLANG_WARN_NON_LITERAL_NULL_CONVERSION = YES;
				CLANG_WARN_OBJC_IMPLICIT_RETAIN_SELF = YES;
				CLANG_WARN_OBJC_LITERAL_CONVERSION = YES;
				CLANG_WARN_OBJC_ROOT_CLASS = YES_ERROR;
				CLANG_WARN_QUOTED_INCLUDE_IN_FRAMEWORK_HEADER = YES;
				CLANG_WARN_RANGE_LOOP_ANALYSIS = YES;
				CLANG_WARN_STRICT_PROTOTYPES = YES;
				CLANG_WARN_SUSPICIOUS_MOVE = YES;
				CLANG_WARN_UNGUARDED_AVAILABILITY = YES_AGGRESSIVE;
				CLANG_WARN_UNREACHABLE_CODE = YES;
				CLANG_WARN__DUPLICATE_METHOD_MATCH = YES;
				COPY_PHASE_STRIP = NO;
				DEBUG_INFORMATION_FORMAT = dwarf;
				ENABLE_STRICT_OBJC_MSGSEND = YES;
				ENABLE_TESTABILITY = YES;
				GCC_C_LANGUAGE_STANDARD = gnu11;
				GCC_DYNAMIC_NO_PIC = NO;
				GCC_NO_COMMON_BLOCKS = YES;
				GCC_OPTIMIZATION_LEVEL = 0;
				GCC_PREPROCESSOR_DEFINITIONS = (
					"DEBUG=1",
					"$(inherited)",
				);
				GCC_WARN_64_TO_32_BIT_CONVERSION = YES;
				GCC_WARN_ABOUT_RETURN_TYPE = YES_ERROR;
				GCC_WARN_UNDECLARED_SELECTOR = YES;
				GCC_WARN_UNINITIALIZED_AUTOS = YES_AGGRESSIVE;
				GCC_WARN_UNUSED_FUNCTION = YES;
				GCC_WARN_UNUSED_VARIABLE = YES;
				IPHONEOS_DEPLOYMENT_TARGET = 14.4;
				MTL_ENABLE_DEBUG_INFO = INCLUDE_SOURCE;
				MTL_FAST_MATH = YES;
				ONLY_ACTIVE_ARCH = YES;
				SDKROOT = iphoneos;
				SWIFT_ACTIVE_COMPILATION_CONDITIONS = DEBUG;
				SWIFT_OPTIMIZATION_LEVEL = "-Onone";
			};
			name = Debug;
		};
		F31786E92A2428330042CADC /* Release */ = {
			isa = XCBuildConfiguration;
			buildSettings = {
				ALWAYS_SEARCH_USER_PATHS = NO;
				CLANG_ANALYZER_NONNULL = YES;
				CLANG_ANALYZER_NUMBER_OBJECT_CONVERSION = YES_AGGRESSIVE;
				CLANG_CXX_LANGUAGE_STANDARD = "gnu++14";
				CLANG_CXX_LIBRARY = "libc++";
				CLANG_ENABLE_MODULES = YES;
				CLANG_ENABLE_OBJC_ARC = YES;
				CLANG_ENABLE_OBJC_WEAK = YES;
				CLANG_WARN_BLOCK_CAPTURE_AUTORELEASING = YES;
				CLANG_WARN_BOOL_CONVERSION = YES;
				CLANG_WARN_COMMA = YES;
				CLANG_WARN_CONSTANT_CONVERSION = YES;
				CLANG_WARN_DEPRECATED_OBJC_IMPLEMENTATIONS = YES;
				CLANG_WARN_DIRECT_OBJC_ISA_USAGE = YES_ERROR;
				CLANG_WARN_DOCUMENTATION_COMMENTS = YES;
				CLANG_WARN_EMPTY_BODY = YES;
				CLANG_WARN_ENUM_CONVERSION = YES;
				CLANG_WARN_INFINITE_RECURSION = YES;
				CLANG_WARN_INT_CONVERSION = YES;
				CLANG_WARN_NON_LITERAL_NULL_CONVERSION = YES;
				CLANG_WARN_OBJC_IMPLICIT_RETAIN_SELF = YES;
				CLANG_WARN_OBJC_LITERAL_CONVERSION = YES;
				CLANG_WARN_OBJC_ROOT_CLASS = YES_ERROR;
				CLANG_WARN_QUOTED_INCLUDE_IN_FRAMEWORK_HEADER = YES;
				CLANG_WARN_RANGE_LOOP_ANALYSIS = YES;
				CLANG_WARN_STRICT_PROTOTYPES = YES;
				CLANG_WARN_SUSPICIOUS_MOVE = YES;
				CLANG_WARN_UNGUARDED_AVAILABILITY = YES_AGGRESSIVE;
				CLANG_WARN_UNREACHABLE_CODE = YES;
				CLANG_WARN__DUPLICATE_METHOD_MATCH = YES;
				COPY_PHASE_STRIP = NO;
				DEBUG_INFORMATION_FORMAT = "dwarf-with-dsym";
				ENABLE_NS_ASSERTIONS = NO;
				ENABLE_STRICT_OBJC_MSGSEND = YES;
				GCC_C_LANGUAGE_STANDARD = gnu11;
				GCC_NO_COMMON_BLOCKS = YES;
				GCC_WARN_64_TO_32_BIT_CONVERSION = YES;
				GCC_WARN_ABOUT_RETURN_TYPE = YES_ERROR;
				GCC_WARN_UNDECLARED_SELECTOR = YES;
				GCC_WARN_UNINITIALIZED_AUTOS = YES_AGGRESSIVE;
				GCC_WARN_UNUSED_FUNCTION = YES;
				GCC_WARN_UNUSED_VARIABLE = YES;
				IPHONEOS_DEPLOYMENT_TARGET = 14.4;
				MTL_ENABLE_DEBUG_INFO = NO;
				MTL_FAST_MATH = YES;
				SDKROOT = iphoneos;
				SWIFT_COMPILATION_MODE = wholemodule;
				SWIFT_OPTIMIZATION_LEVEL = "-O";
				VALIDATE_PRODUCT = YES;
			};
			name = Release;
		};
		F31786EB2A2428330042CADC /* Debug */ = {
			isa = XCBuildConfiguration;
			buildSettings = {
				ASSETCATALOG_COMPILER_APPICON_NAME = AppIcon;
				ASSETCATALOG_COMPILER_GLOBAL_ACCENT_COLOR_NAME = AccentColor;
				CODE_SIGN_STYLE = Automatic;
				INFOPLIST_FILE = TaQuangKhoiQuizManagement/Info.plist;
				LD_RUNPATH_SEARCH_PATHS = (
					"$(inherited)",
					"@executable_path/Frameworks",
				);
				PRODUCT_BUNDLE_IDENTIFIER = vn.edu.bvu.taquangkhoi.TaQuangKhoiQuizManagement;
				PRODUCT_NAME = "$(TARGET_NAME)";
				SWIFT_VERSION = 5.0;
				TARGETED_DEVICE_FAMILY = "1,2";
			};
			name = Debug;
		};
		F31786EC2A2428330042CADC /* Release */ = {
			isa = XCBuildConfiguration;
			buildSettings = {
				ASSETCATALOG_COMPILER_APPICON_NAME = AppIcon;
				ASSETCATALOG_COMPILER_GLOBAL_ACCENT_COLOR_NAME = AccentColor;
				CODE_SIGN_STYLE = Automatic;
				INFOPLIST_FILE = TaQuangKhoiQuizManagement/Info.plist;
				LD_RUNPATH_SEARCH_PATHS = (
					"$(inherited)",
					"@executable_path/Frameworks",
				);
				PRODUCT_BUNDLE_IDENTIFIER = vn.edu.bvu.taquangkhoi.TaQuangKhoiQuizManagement;
				PRODUCT_NAME = "$(TARGET_NAME)";
				SWIFT_VERSION = 5.0;
				TARGETED_DEVICE_FAMILY = "1,2";
			};
			name = Release;
		};
/* End XCBuildConfiguration section */

/* Begin XCConfigurationList section */
		F31786CE2A24282C0042CADC /* Build configuration list for PBXProject "TaQuangKhoiQuizManagement" */ = {
			isa = XCConfigurationList;
			buildConfigurations = (
				F31786E82A2428330042CADC /* Debug */,
				F31786E92A2428330042CADC /* Release */,
			);
			defaultConfigurationIsVisible = 0;
			defaultConfigurationName = Release;
		};
		F31786EA2A2428330042CADC /* Build configuration list for PBXNativeTarget "TaQuangKhoiQuizManagement" */ = {
			isa = XCConfigurationList;
			buildConfigurations = (
				F31786EB2A2428330042CADC /* Debug */,
				F31786EC2A2428330042CADC /* Release */,
			);
			defaultConfigurationIsVisible = 0;
			defaultConfigurationName = Release;
		};
/* End XCConfigurationList section */

/* Begin XCVersionGroup section */
		F31786DF2A24282D0042CADC /* TaQuangKhoiQuizManagement.xcdatamodeld */ = {
			isa = XCVersionGroup;
			children = (
				F31786E02A24282D0042CADC /* TaQuangKhoiQuizManagement.xcdatamodel */,
			);
			currentVersion = F31786E02A24282D0042CADC /* TaQuangKhoiQuizManagement.xcdatamodel */;
			path = TaQuangKhoiQuizManagement.xcdatamodeld;
			sourceTree = "<group>";
			versionGroupType = wrapper.xcdatamodel;
		};
/* End XCVersionGroup section */
	};
	rootObject = F31786CB2A24282C0042CADC /* Project object */;
}
