// !$*UTF8*$!
{
	archiveVersion = 1;
	classes = {
	};
	objectVersion = 50;
	objects = {

/* Begin PBXBuildFile section */
		F3FFD2A629D7DF750013B6DF /* AppDelegate.swift in Sources */ = {isa = PBXBuildFile; fileRef = F3FFD2A529D7DF750013B6DF /* AppDelegate.swift */; };
		F3FFD2A829D7DF750013B6DF /* SceneDelegate.swift in Sources */ = {isa = PBXBuildFile; fileRef = F3FFD2A729D7DF750013B6DF /* SceneDelegate.swift */; };
		F3FFD2AA29D7DF750013B6DF /* ViewController.swift in Sources */ = {isa = PBXBuildFile; fileRef = F3FFD2A929D7DF750013B6DF /* ViewController.swift */; };
		F3FFD2AD29D7DF750013B6DF /* Main.storyboard in Resources */ = {isa = PBXBuildFile; fileRef = F3FFD2AB29D7DF750013B6DF /* Main.storyboard */; };
		F3FFD2AF29D7DF780013B6DF /* Assets.xcassets in Resources */ = {isa = PBXBuildFile; fileRef = F3FFD2AE29D7DF780013B6DF /* Assets.xcassets */; };
		F3FFD2B229D7DF780013B6DF /* LaunchScreen.storyboard in Resources */ = {isa = PBXBuildFile; fileRef = F3FFD2B029D7DF780013B6DF /* LaunchScreen.storyboard */; };
		F3FFD2BD29D7DF790013B6DF /* My_First_iOS_AppTests.swift in Sources */ = {isa = PBXBuildFile; fileRef = F3FFD2BC29D7DF790013B6DF /* My_First_iOS_AppTests.swift */; };
		F3FFD2C829D7DF790013B6DF /* My_First_iOS_AppUITests.swift in Sources */ = {isa = PBXBuildFile; fileRef = F3FFD2C729D7DF790013B6DF /* My_First_iOS_AppUITests.swift */; };
/* End PBXBuildFile section */

/* Begin PBXContainerItemProxy section */
		F3FFD2B929D7DF790013B6DF /* PBXContainerItemProxy */ = {
			isa = PBXContainerItemProxy;
			containerPortal = F3FFD29A29D7DF750013B6DF /* Project object */;
			proxyType = 1;
			remoteGlobalIDString = F3FFD2A129D7DF750013B6DF;
			remoteInfo = "My-First-iOS-App";
		};
		F3FFD2C429D7DF790013B6DF /* PBXContainerItemProxy */ = {
			isa = PBXContainerItemProxy;
			containerPortal = F3FFD29A29D7DF750013B6DF /* Project object */;
			proxyType = 1;
			remoteGlobalIDString = F3FFD2A129D7DF750013B6DF;
			remoteInfo = "My-First-iOS-App";
		};
/* End PBXContainerItemProxy section */

/* Begin PBXFileReference section */
		F3FFD2A229D7DF750013B6DF /* My-First-iOS-App.app */ = {isa = PBXFileReference; explicitFileType = wrapper.application; includeInIndex = 0; path = "My-First-iOS-App.app"; sourceTree = BUILT_PRODUCTS_DIR; };
		F3FFD2A529D7DF750013B6DF /* AppDelegate.swift */ = {isa = PBXFileReference; lastKnownFileType = sourcecode.swift; path = AppDelegate.swift; sourceTree = "<group>"; };
		F3FFD2A729D7DF750013B6DF /* SceneDelegate.swift */ = {isa = PBXFileReference; lastKnownFileType = sourcecode.swift; path = SceneDelegate.swift; sourceTree = "<group>"; };
		F3FFD2A929D7DF750013B6DF /* ViewController.swift */ = {isa = PBXFileReference; lastKnownFileType = sourcecode.swift; path = ViewController.swift; sourceTree = "<group>"; };
		F3FFD2AC29D7DF750013B6DF /* Base */ = {isa = PBXFileReference; lastKnownFileType = file.storyboard; name = Base; path = Base.lproj/Main.storyboard; sourceTree = "<group>"; };
		F3FFD2AE29D7DF780013B6DF /* Assets.xcassets */ = {isa = PBXFileReference; lastKnownFileType = folder.assetcatalog; path = Assets.xcassets; sourceTree = "<group>"; };
		F3FFD2B129D7DF780013B6DF /* Base */ = {isa = PBXFileReference; lastKnownFileType = file.storyboard; name = Base; path = Base.lproj/LaunchScreen.storyboard; sourceTree = "<group>"; };
		F3FFD2B329D7DF780013B6DF /* Info.plist */ = {isa = PBXFileReference; lastKnownFileType = text.plist.xml; path = Info.plist; sourceTree = "<group>"; };
		F3FFD2B829D7DF790013B6DF /* My-First-iOS-AppTests.xctest */ = {isa = PBXFileReference; explicitFileType = wrapper.cfbundle; includeInIndex = 0; path = "My-First-iOS-AppTests.xctest"; sourceTree = BUILT_PRODUCTS_DIR; };
		F3FFD2BC29D7DF790013B6DF /* My_First_iOS_AppTests.swift */ = {isa = PBXFileReference; lastKnownFileType = sourcecode.swift; path = My_First_iOS_AppTests.swift; sourceTree = "<group>"; };
		F3FFD2BE29D7DF790013B6DF /* Info.plist */ = {isa = PBXFileReference; lastKnownFileType = text.plist.xml; path = Info.plist; sourceTree = "<group>"; };
		F3FFD2C329D7DF790013B6DF /* My-First-iOS-AppUITests.xctest */ = {isa = PBXFileReference; explicitFileType = wrapper.cfbundle; includeInIndex = 0; path = "My-First-iOS-AppUITests.xctest"; sourceTree = BUILT_PRODUCTS_DIR; };
		F3FFD2C729D7DF790013B6DF /* My_First_iOS_AppUITests.swift */ = {isa = PBXFileReference; lastKnownFileType = sourcecode.swift; path = My_First_iOS_AppUITests.swift; sourceTree = "<group>"; };
		F3FFD2C929D7DF790013B6DF /* Info.plist */ = {isa = PBXFileReference; lastKnownFileType = text.plist.xml; path = Info.plist; sourceTree = "<group>"; };
/* End PBXFileReference section */

/* Begin PBXFrameworksBuildPhase section */
		F3FFD29F29D7DF750013B6DF /* Frameworks */ = {
			isa = PBXFrameworksBuildPhase;
			buildActionMask = 2147483647;
			files = (
			);
			runOnlyForDeploymentPostprocessing = 0;
		};
		F3FFD2B529D7DF790013B6DF /* Frameworks */ = {
			isa = PBXFrameworksBuildPhase;
			buildActionMask = 2147483647;
			files = (
			);
			runOnlyForDeploymentPostprocessing = 0;
		};
		F3FFD2C029D7DF790013B6DF /* Frameworks */ = {
			isa = PBXFrameworksBuildPhase;
			buildActionMask = 2147483647;
			files = (
			);
			runOnlyForDeploymentPostprocessing = 0;
		};
/* End PBXFrameworksBuildPhase section */

/* Begin PBXGroup section */
		F3FFD29929D7DF750013B6DF = {
			isa = PBXGroup;
			children = (
				F3FFD2A429D7DF750013B6DF /* My-First-iOS-App */,
				F3FFD2BB29D7DF790013B6DF /* My-First-iOS-AppTests */,
				F3FFD2C629D7DF790013B6DF /* My-First-iOS-AppUITests */,
				F3FFD2A329D7DF750013B6DF /* Products */,
			);
			sourceTree = "<group>";
		};
		F3FFD2A329D7DF750013B6DF /* Products */ = {
			isa = PBXGroup;
			children = (
				F3FFD2A229D7DF750013B6DF /* My-First-iOS-App.app */,
				F3FFD2B829D7DF790013B6DF /* My-First-iOS-AppTests.xctest */,
				F3FFD2C329D7DF790013B6DF /* My-First-iOS-AppUITests.xctest */,
			);
			name = Products;
			sourceTree = "<group>";
		};
		F3FFD2A429D7DF750013B6DF /* My-First-iOS-App */ = {
			isa = PBXGroup;
			children = (
				F3FFD2A529D7DF750013B6DF /* AppDelegate.swift */,
				F3FFD2A729D7DF750013B6DF /* SceneDelegate.swift */,
				F3FFD2A929D7DF750013B6DF /* ViewController.swift */,
				F3FFD2AB29D7DF750013B6DF /* Main.storyboard */,
				F3FFD2AE29D7DF780013B6DF /* Assets.xcassets */,
				F3FFD2B029D7DF780013B6DF /* LaunchScreen.storyboard */,
				F3FFD2B329D7DF780013B6DF /* Info.plist */,
			);
			path = "My-First-iOS-App";
			sourceTree = "<group>";
		};
		F3FFD2BB29D7DF790013B6DF /* My-First-iOS-AppTests */ = {
			isa = PBXGroup;
			children = (
				F3FFD2BC29D7DF790013B6DF /* My_First_iOS_AppTests.swift */,
				F3FFD2BE29D7DF790013B6DF /* Info.plist */,
			);
			path = "My-First-iOS-AppTests";
			sourceTree = "<group>";
		};
		F3FFD2C629D7DF790013B6DF /* My-First-iOS-AppUITests */ = {
			isa = PBXGroup;
			children = (
				F3FFD2C729D7DF790013B6DF /* My_First_iOS_AppUITests.swift */,
				F3FFD2C929D7DF790013B6DF /* Info.plist */,
			);
			path = "My-First-iOS-AppUITests";
			sourceTree = "<group>";
		};
/* End PBXGroup section */

/* Begin PBXNativeTarget section */
		F3FFD2A129D7DF750013B6DF /* My-First-iOS-App */ = {
			isa = PBXNativeTarget;
			buildConfigurationList = F3FFD2CC29D7DF790013B6DF /* Build configuration list for PBXNativeTarget "My-First-iOS-App" */;
			buildPhases = (
				F3FFD29E29D7DF750013B6DF /* Sources */,
				F3FFD29F29D7DF750013B6DF /* Frameworks */,
				F3FFD2A029D7DF750013B6DF /* Resources */,
			);
			buildRules = (
			);
			dependencies = (
			);
			name = "My-First-iOS-App";
			productName = "My-First-iOS-App";
			productReference = F3FFD2A229D7DF750013B6DF /* My-First-iOS-App.app */;
			productType = "com.apple.product-type.application";
		};
		F3FFD2B729D7DF790013B6DF /* My-First-iOS-AppTests */ = {
			isa = PBXNativeTarget;
			buildConfigurationList = F3FFD2CF29D7DF790013B6DF /* Build configuration list for PBXNativeTarget "My-First-iOS-AppTests" */;
			buildPhases = (
				F3FFD2B429D7DF790013B6DF /* Sources */,
				F3FFD2B529D7DF790013B6DF /* Frameworks */,
				F3FFD2B629D7DF790013B6DF /* Resources */,
			);
			buildRules = (
			);
			dependencies = (
				F3FFD2BA29D7DF790013B6DF /* PBXTargetDependency */,
			);
			name = "My-First-iOS-AppTests";
			productName = "My-First-iOS-AppTests";
			productReference = F3FFD2B829D7DF790013B6DF /* My-First-iOS-AppTests.xctest */;
			productType = "com.apple.product-type.bundle.unit-test";
		};
		F3FFD2C229D7DF790013B6DF /* My-First-iOS-AppUITests */ = {
			isa = PBXNativeTarget;
			buildConfigurationList = F3FFD2D229D7DF790013B6DF /* Build configuration list for PBXNativeTarget "My-First-iOS-AppUITests" */;
			buildPhases = (
				F3FFD2BF29D7DF790013B6DF /* Sources */,
				F3FFD2C029D7DF790013B6DF /* Frameworks */,
				F3FFD2C129D7DF790013B6DF /* Resources */,
			);
			buildRules = (
			);
			dependencies = (
				F3FFD2C529D7DF790013B6DF /* PBXTargetDependency */,
			);
			name = "My-First-iOS-AppUITests";
			productName = "My-First-iOS-AppUITests";
			productReference = F3FFD2C329D7DF790013B6DF /* My-First-iOS-AppUITests.xctest */;
			productType = "com.apple.product-type.bundle.ui-testing";
		};
/* End PBXNativeTarget section */

/* Begin PBXProject section */
		F3FFD29A29D7DF750013B6DF /* Project object */ = {
			isa = PBXProject;
			attributes = {
				LastSwiftUpdateCheck = 1240;
				LastUpgradeCheck = 1240;
				TargetAttributes = {
					F3FFD2A129D7DF750013B6DF = {
						CreatedOnToolsVersion = 12.4;
					};
					F3FFD2B729D7DF790013B6DF = {
						CreatedOnToolsVersion = 12.4;
						TestTargetID = F3FFD2A129D7DF750013B6DF;
					};
					F3FFD2C229D7DF790013B6DF = {
						CreatedOnToolsVersion = 12.4;
						TestTargetID = F3FFD2A129D7DF750013B6DF;
					};
				};
			};
			buildConfigurationList = F3FFD29D29D7DF750013B6DF /* Build configuration list for PBXProject "My-First-iOS-App" */;
			compatibilityVersion = "Xcode 9.3";
			developmentRegion = en;
			hasScannedForEncodings = 0;
			knownRegions = (
				en,
				Base,
			);
			mainGroup = F3FFD29929D7DF750013B6DF;
			productRefGroup = F3FFD2A329D7DF750013B6DF /* Products */;
			projectDirPath = "";
			projectRoot = "";
			targets = (
				F3FFD2A129D7DF750013B6DF /* My-First-iOS-App */,
				F3FFD2B729D7DF790013B6DF /* My-First-iOS-AppTests */,
				F3FFD2C229D7DF790013B6DF /* My-First-iOS-AppUITests */,
			);
		};
/* End PBXProject section */

/* Begin PBXResourcesBuildPhase section */
		F3FFD2A029D7DF750013B6DF /* Resources */ = {
			isa = PBXResourcesBuildPhase;
			buildActionMask = 2147483647;
			files = (
				F3FFD2B229D7DF780013B6DF /* LaunchScreen.storyboard in Resources */,
				F3FFD2AF29D7DF780013B6DF /* Assets.xcassets in Resources */,
				F3FFD2AD29D7DF750013B6DF /* Main.storyboard in Resources */,
			);
			runOnlyForDeploymentPostprocessing = 0;
		};
		F3FFD2B629D7DF790013B6DF /* Resources */ = {
			isa = PBXResourcesBuildPhase;
			buildActionMask = 2147483647;
			files = (
			);
			runOnlyForDeploymentPostprocessing = 0;
		};
		F3FFD2C129D7DF790013B6DF /* Resources */ = {
			isa = PBXResourcesBuildPhase;
			buildActionMask = 2147483647;
			files = (
			);
			runOnlyForDeploymentPostprocessing = 0;
		};
/* End PBXResourcesBuildPhase section */

/* Begin PBXSourcesBuildPhase section */
		F3FFD29E29D7DF750013B6DF /* Sources */ = {
			isa = PBXSourcesBuildPhase;
			buildActionMask = 2147483647;
			files = (
				F3FFD2AA29D7DF750013B6DF /* ViewController.swift in Sources */,
				F3FFD2A629D7DF750013B6DF /* AppDelegate.swift in Sources */,
				F3FFD2A829D7DF750013B6DF /* SceneDelegate.swift in Sources */,
			);
			runOnlyForDeploymentPostprocessing = 0;
		};
		F3FFD2B429D7DF790013B6DF /* Sources */ = {
			isa = PBXSourcesBuildPhase;
			buildActionMask = 2147483647;
			files = (
				F3FFD2BD29D7DF790013B6DF /* My_First_iOS_AppTests.swift in Sources */,
			);
			runOnlyForDeploymentPostprocessing = 0;
		};
		F3FFD2BF29D7DF790013B6DF /* Sources */ = {
			isa = PBXSourcesBuildPhase;
			buildActionMask = 2147483647;
			files = (
				F3FFD2C829D7DF790013B6DF /* My_First_iOS_AppUITests.swift in Sources */,
			);
			runOnlyForDeploymentPostprocessing = 0;
		};
/* End PBXSourcesBuildPhase section */

/* Begin PBXTargetDependency section */
		F3FFD2BA29D7DF790013B6DF /* PBXTargetDependency */ = {
			isa = PBXTargetDependency;
			target = F3FFD2A129D7DF750013B6DF /* My-First-iOS-App */;
			targetProxy = F3FFD2B929D7DF790013B6DF /* PBXContainerItemProxy */;
		};
		F3FFD2C529D7DF790013B6DF /* PBXTargetDependency */ = {
			isa = PBXTargetDependency;
			target = F3FFD2A129D7DF750013B6DF /* My-First-iOS-App */;
			targetProxy = F3FFD2C429D7DF790013B6DF /* PBXContainerItemProxy */;
		};
/* End PBXTargetDependency section */

/* Begin PBXVariantGroup section */
		F3FFD2AB29D7DF750013B6DF /* Main.storyboard */ = {
			isa = PBXVariantGroup;
			children = (
				F3FFD2AC29D7DF750013B6DF /* Base */,
			);
			name = Main.storyboard;
			sourceTree = "<group>";
		};
		F3FFD2B029D7DF780013B6DF /* LaunchScreen.storyboard */ = {
			isa = PBXVariantGroup;
			children = (
				F3FFD2B129D7DF780013B6DF /* Base */,
			);
			name = LaunchScreen.storyboard;
			sourceTree = "<group>";
		};
/* End PBXVariantGroup section */

/* Begin XCBuildConfiguration section */
		F3FFD2CA29D7DF790013B6DF /* Debug */ = {
			isa = XCBuildConfiguration;
			buildSettings = {
				ALWAYS_SEARCH_USER_PATHS = NO;
				CLANG_ANALYZER_NONNULL = YES;
				CLANG_ANALYZER_NUMBER_OBJECT_CONVERSION = YES_AGGRESSIVE;
				CLANG_CXX_LANGUAGE_STANDARD = "gnu++14";
				CLANG_CXX_LIBRARY = "libc++";
				CLANG_ENABLE_MODULES = YES;
				CLANG_ENABLE_OBJC_ARC = YES;
				CLANG_ENABLE_OBJC_WEAK = YES;
				CLANG_WARN_BLOCK_CAPTURE_AUTORELEASING = YES;
				CLANG_WARN_BOOL_CONVERSION = YES;
				CLANG_WARN_COMMA = YES;
				CLANG_WARN_CONSTANT_CONVERSION = YES;
				CLANG_WARN_DEPRECATED_OBJC_IMPLEMENTATIONS = YES;
				CLANG_WARN_DIRECT_OBJC_ISA_USAGE = YES_ERROR;
				CLANG_WARN_DOCUMENTATION_COMMENTS = YES;
				CLANG_WARN_EMPTY_BODY = YES;
				CLANG_WARN_ENUM_CONVERSION = YES;
				CLANG_WARN_INFINITE_RECURSION = YES;
				CLANG_WARN_INT_CONVERSION = YES;
				CLANG_WARN_NON_LITERAL_NULL_CONVERSION = YES;
				CLANG_WARN_OBJC_IMPLICIT_RETAIN_SELF = YES;
				CLANG_WARN_OBJC_LITERAL_CONVERSION = YES;
				CLANG_WARN_OBJC_ROOT_CLASS = YES_ERROR;
				CLANG_WARN_QUOTED_INCLUDE_IN_FRAMEWORK_HEADER = YES;
				CLANG_WARN_RANGE_LOOP_ANALYSIS = YES;
				CLANG_WARN_STRICT_PROTOTYPES = YES;
				CLANG_WARN_SUSPICIOUS_MOVE = YES;
				CLANG_WARN_UNGUARDED_AVAILABILITY = YES_AGGRESSIVE;
				CLANG_WARN_UNREACHABLE_CODE = YES;
				CLANG_WARN__DUPLICATE_METHOD_MATCH = YES;
				COPY_PHASE_STRIP = NO;
				DEBUG_INFORMATION_FORMAT = dwarf;
				ENABLE_STRICT_OBJC_MSGSEND = YES;
				ENABLE_TESTABILITY = YES;
				GCC_C_LANGUAGE_STANDARD = gnu11;
				GCC_DYNAMIC_NO_PIC = NO;
				GCC_NO_COMMON_BLOCKS = YES;
				GCC_OPTIMIZATION_LEVEL = 0;
				GCC_PREPROCESSOR_DEFINITIONS = (
					"DEBUG=1",
					"$(inherited)",
				);
				GCC_WARN_64_TO_32_BIT_CONVERSION = YES;
				GCC_WARN_ABOUT_RETURN_TYPE = YES_ERROR;
				GCC_WARN_UNDECLARED_SELECTOR = YES;
				GCC_WARN_UNINITIALIZED_AUTOS = YES_AGGRESSIVE;
				GCC_WARN_UNUSED_FUNCTION = YES;
				GCC_WARN_UNUSED_VARIABLE = YES;
				IPHONEOS_DEPLOYMENT_TARGET = 14.4;
				MTL_ENABLE_DEBUG_INFO = INCLUDE_SOURCE;
				MTL_FAST_MATH = YES;
				ONLY_ACTIVE_ARCH = YES;
				SDKROOT = iphoneos;
				SWIFT_ACTIVE_COMPILATION_CONDITIONS = DEBUG;
				SWIFT_OPTIMIZATION_LEVEL = "-Onone";
			};
			name = Debug;
		};
		F3FFD2CB29D7DF790013B6DF /* Release */ = {
			isa = XCBuildConfiguration;
			buildSettings = {
				ALWAYS_SEARCH_USER_PATHS = NO;
				CLANG_ANALYZER_NONNULL = YES;
				CLANG_ANALYZER_NUMBER_OBJECT_CONVERSION = YES_AGGRESSIVE;
				CLANG_CXX_LANGUAGE_STANDARD = "gnu++14";
				CLANG_CXX_LIBRARY = "libc++";
				CLANG_ENABLE_MODULES = YES;
				CLANG_ENABLE_OBJC_ARC = YES;
				CLANG_ENABLE_OBJC_WEAK = YES;
				CLANG_WARN_BLOCK_CAPTURE_AUTORELEASING = YES;
				CLANG_WARN_BOOL_CONVERSION = YES;
				CLANG_WARN_COMMA = YES;
				CLANG_WARN_CONSTANT_CONVERSION = YES;
				CLANG_WARN_DEPRECATED_OBJC_IMPLEMENTATIONS = YES;
				CLANG_WARN_DIRECT_OBJC_ISA_USAGE = YES_ERROR;
				CLANG_WARN_DOCUMENTATION_COMMENTS = YES;
				CLANG_WARN_EMPTY_BODY = YES;
				CLANG_WARN_ENUM_CONVERSION = YES;
				CLANG_WARN_INFINITE_RECURSION = YES;
				CLANG_WARN_INT_CONVERSION = YES;
				CLANG_WARN_NON_LITERAL_NULL_CONVERSION = YES;
				CLANG_WARN_OBJC_IMPLICIT_RETAIN_SELF = YES;
				CLANG_WARN_OBJC_LITERAL_CONVERSION = YES;
				CLANG_WARN_OBJC_ROOT_CLASS = YES_ERROR;
				CLANG_WARN_QUOTED_INCLUDE_IN_FRAMEWORK_HEADER = YES;
				CLANG_WARN_RANGE_LOOP_ANALYSIS = YES;
				CLANG_WARN_STRICT_PROTOTYPES = YES;
				CLANG_WARN_SUSPICIOUS_MOVE = YES;
				CLANG_WARN_UNGUARDED_AVAILABILITY = YES_AGGRESSIVE;
				CLANG_WARN_UNREACHABLE_CODE = YES;
				CLANG_WARN__DUPLICATE_METHOD_MATCH = YES;
				COPY_PHASE_STRIP = NO;
				DEBUG_INFORMATION_FORMAT = "dwarf-with-dsym";
				ENABLE_NS_ASSERTIONS = NO;
				ENABLE_STRICT_OBJC_MSGSEND = YES;
				GCC_C_LANGUAGE_STANDARD = gnu11;
				GCC_NO_COMMON_BLOCKS = YES;
				GCC_WARN_64_TO_32_BIT_CONVERSION = YES;
				GCC_WARN_ABOUT_RETURN_TYPE = YES_ERROR;
				GCC_WARN_UNDECLARED_SELECTOR = YES;
				GCC_WARN_UNINITIALIZED_AUTOS = YES_AGGRESSIVE;
				GCC_WARN_UNUSED_FUNCTION = YES;
				GCC_WARN_UNUSED_VARIABLE = YES;
				IPHONEOS_DEPLOYMENT_TARGET = 14.4;
				MTL_ENABLE_DEBUG_INFO = NO;
				MTL_FAST_MATH = YES;
				SDKROOT = iphoneos;
				SWIFT_COMPILATION_MODE = wholemodule;
				SWIFT_OPTIMIZATION_LEVEL = "-O";
				VALIDATE_PRODUCT = YES;
			};
			name = Release;
		};
		F3FFD2CD29D7DF790013B6DF /* Debug */ = {
			isa = XCBuildConfiguration;
			buildSettings = {
				ASSETCATALOG_COMPILER_APPICON_NAME = AppIcon;
				ASSETCATALOG_COMPILER_GLOBAL_ACCENT_COLOR_NAME = AccentColor;
				CODE_SIGN_STYLE = Automatic;
				INFOPLIST_FILE = "My-First-iOS-App/Info.plist";
				LD_RUNPATH_SEARCH_PATHS = (
					"$(inherited)",
					"@executable_path/Frameworks",
				);
				PRODUCT_BUNDLE_IDENTIFIER = "vn.edu.bvu.taquangkhoi.My-First-iOS-App";
				PRODUCT_NAME = "$(TARGET_NAME)";
				SWIFT_VERSION = 5.0;
				TARGETED_DEVICE_FAMILY = "1,2";
			};
			name = Debug;
		};
		F3FFD2CE29D7DF790013B6DF /* Release */ = {
			isa = XCBuildConfiguration;
			buildSettings = {
				ASSETCATALOG_COMPILER_APPICON_NAME = AppIcon;
				ASSETCATALOG_COMPILER_GLOBAL_ACCENT_COLOR_NAME = AccentColor;
				CODE_SIGN_STYLE = Automatic;
				INFOPLIST_FILE = "My-First-iOS-App/Info.plist";
				LD_RUNPATH_SEARCH_PATHS = (
					"$(inherited)",
					"@executable_path/Frameworks",
				);
				PRODUCT_BUNDLE_IDENTIFIER = "vn.edu.bvu.taquangkhoi.My-First-iOS-App";
				PRODUCT_NAME = "$(TARGET_NAME)";
				SWIFT_VERSION = 5.0;
				TARGETED_DEVICE_FAMILY = "1,2";
			};
			name = Release;
		};
		F3FFD2D029D7DF790013B6DF /* Debug */ = {
			isa = XCBuildConfiguration;
			buildSettings = {
				ALWAYS_EMBED_SWIFT_STANDARD_LIBRARIES = YES;
				BUNDLE_LOADER = "$(TEST_HOST)";
				CODE_SIGN_STYLE = Automatic;
				INFOPLIST_FILE = "My-First-iOS-AppTests/Info.plist";
				IPHONEOS_DEPLOYMENT_TARGET = 14.4;
				LD_RUNPATH_SEARCH_PATHS = (
					"$(inherited)",
					"@executable_path/Frameworks",
					"@loader_path/Frameworks",
				);
				PRODUCT_BUNDLE_IDENTIFIER = "vn.edu.bvu.taquangkhoi.My-First-iOS-AppTests";
				PRODUCT_NAME = "$(TARGET_NAME)";
				SWIFT_VERSION = 5.0;
				TARGETED_DEVICE_FAMILY = "1,2";
				TEST_HOST = "$(BUILT_PRODUCTS_DIR)/My-First-iOS-App.app/My-First-iOS-App";
			};
			name = Debug;
		};
		F3FFD2D129D7DF790013B6DF /* Release */ = {
			isa = XCBuildConfiguration;
			buildSettings = {
				ALWAYS_EMBED_SWIFT_STANDARD_LIBRARIES = YES;
				BUNDLE_LOADER = "$(TEST_HOST)";
				CODE_SIGN_STYLE = Automatic;
				INFOPLIST_FILE = "My-First-iOS-AppTests/Info.plist";
				IPHONEOS_DEPLOYMENT_TARGET = 14.4;
				LD_RUNPATH_SEARCH_PATHS = (
					"$(inherited)",
					"@executable_path/Frameworks",
					"@loader_path/Frameworks",
				);
				PRODUCT_BUNDLE_IDENTIFIER = "vn.edu.bvu.taquangkhoi.My-First-iOS-AppTests";
				PRODUCT_NAME = "$(TARGET_NAME)";
				SWIFT_VERSION = 5.0;
				TARGETED_DEVICE_FAMILY = "1,2";
				TEST_HOST = "$(BUILT_PRODUCTS_DIR)/My-First-iOS-App.app/My-First-iOS-App";
			};
			name = Release;
		};
		F3FFD2D329D7DF790013B6DF /* Debug */ = {
			isa = XCBuildConfiguration;
			buildSettings = {
				ALWAYS_EMBED_SWIFT_STANDARD_LIBRARIES = YES;
				CODE_SIGN_STYLE = Automatic;
				INFOPLIST_FILE = "My-First-iOS-AppUITests/Info.plist";
				LD_RUNPATH_SEARCH_PATHS = (
					"$(inherited)",
					"@executable_path/Frameworks",
					"@loader_path/Frameworks",
				);
				PRODUCT_BUNDLE_IDENTIFIER = "vn.edu.bvu.taquangkhoi.My-First-iOS-AppUITests";
				PRODUCT_NAME = "$(TARGET_NAME)";
				SWIFT_VERSION = 5.0;
				TARGETED_DEVICE_FAMILY = "1,2";
				TEST_TARGET_NAME = "My-First-iOS-App";
			};
			name = Debug;
		};
		F3FFD2D429D7DF790013B6DF /* Release */ = {
			isa = XCBuildConfiguration;
			buildSettings = {
				ALWAYS_EMBED_SWIFT_STANDARD_LIBRARIES = YES;
				CODE_SIGN_STYLE = Automatic;
				INFOPLIST_FILE = "My-First-iOS-AppUITests/Info.plist";
				LD_RUNPATH_SEARCH_PATHS = (
					"$(inherited)",
					"@executable_path/Frameworks",
					"@loader_path/Frameworks",
				);
				PRODUCT_BUNDLE_IDENTIFIER = "vn.edu.bvu.taquangkhoi.My-First-iOS-AppUITests";
				PRODUCT_NAME = "$(TARGET_NAME)";
				SWIFT_VERSION = 5.0;
				TARGETED_DEVICE_FAMILY = "1,2";
				TEST_TARGET_NAME = "My-First-iOS-App";
			};
			name = Release;
		};
/* End XCBuildConfiguration section */

/* Begin XCConfigurationList section */
		F3FFD29D29D7DF750013B6DF /* Build configuration list for PBXProject "My-First-iOS-App" */ = {
			isa = XCConfigurationList;
			buildConfigurations = (
				F3FFD2CA29D7DF790013B6DF /* Debug */,
				F3FFD2CB29D7DF790013B6DF /* Release */,
			);
			defaultConfigurationIsVisible = 0;
			defaultConfigurationName = Release;
		};
		F3FFD2CC29D7DF790013B6DF /* Build configuration list for PBXNativeTarget "My-First-iOS-App" */ = {
			isa = XCConfigurationList;
			buildConfigurations = (
				F3FFD2CD29D7DF790013B6DF /* Debug */,
				F3FFD2CE29D7DF790013B6DF /* Release */,
			);
			defaultConfigurationIsVisible = 0;
			defaultConfigurationName = Release;
		};
		F3FFD2CF29D7DF790013B6DF /* Build configuration list for PBXNativeTarget "My-First-iOS-AppTests" */ = {
			isa = XCConfigurationList;
			buildConfigurations = (
				F3FFD2D029D7DF790013B6DF /* Debug */,
				F3FFD2D129D7DF790013B6DF /* Release */,
			);
			defaultConfigurationIsVisible = 0;
			defaultConfigurationName = Release;
		};
		F3FFD2D229D7DF790013B6DF /* Build configuration list for PBXNativeTarget "My-First-iOS-AppUITests" */ = {
			isa = XCConfigurationList;
			buildConfigurations = (
				F3FFD2D329D7DF790013B6DF /* Debug */,
				F3FFD2D429D7DF790013B6DF /* Release */,
			);
			defaultConfigurationIsVisible = 0;
			defaultConfigurationName = Release;
		};
/* End XCConfigurationList section */
	};
	rootObject = F3FFD29A29D7DF750013B6DF /* Project object */;
}
