// !$*UTF8*$!
{
	archiveVersion = 1;
	classes = {
	};
	objectVersion = 50;
	objects = {

/* Begin PBXBuildFile section */
		F3FFD26B29D7DC850013B6DF /* AppDelegate.swift in Sources */ = {isa = PBXBuildFile; fileRef = F3FFD26A29D7DC850013B6DF /* AppDelegate.swift */; };
		F3FFD26D29D7DC850013B6DF /* ViewController.swift in Sources */ = {isa = PBXBuildFile; fileRef = F3FFD26C29D7DC850013B6DF /* ViewController.swift */; };
		F3FFD26F29D7DC870013B6DF /* Assets.xcassets in Resources */ = {isa = PBXBuildFile; fileRef = F3FFD26E29D7DC870013B6DF /* Assets.xcassets */; };
		F3FFD27229D7DC870013B6DF /* Main.storyboard in Resources */ = {isa = PBXBuildFile; fileRef = F3FFD27029D7DC870013B6DF /* Main.storyboard */; };
		F3FFD27E29D7DC880013B6DF /* First_AppTests.swift in Sources */ = {isa = PBXBuildFile; fileRef = F3FFD27D29D7DC880013B6DF /* First_AppTests.swift */; };
		F3FFD28929D7DC880013B6DF /* First_AppUITests.swift in Sources */ = {isa = PBXBuildFile; fileRef = F3FFD28829D7DC880013B6DF /* First_AppUITests.swift */; };
/* End PBXBuildFile section */

/* Begin PBXContainerItemProxy section */
		F3FFD27A29D7DC880013B6DF /* PBXContainerItemProxy */ = {
			isa = PBXContainerItemProxy;
			containerPortal = F3FFD25F29D7DC850013B6DF /* Project object */;
			proxyType = 1;
			remoteGlobalIDString = F3FFD26629D7DC850013B6DF;
			remoteInfo = "First-App";
		};
		F3FFD28529D7DC880013B6DF /* PBXContainerItemProxy */ = {
			isa = PBXContainerItemProxy;
			containerPortal = F3FFD25F29D7DC850013B6DF /* Project object */;
			proxyType = 1;
			remoteGlobalIDString = F3FFD26629D7DC850013B6DF;
			remoteInfo = "First-App";
		};
/* End PBXContainerItemProxy section */

/* Begin PBXFileReference section */
		F3FFD26729D7DC850013B6DF /* First-App.app */ = {isa = PBXFileReference; explicitFileType = wrapper.application; includeInIndex = 0; path = "First-App.app"; sourceTree = BUILT_PRODUCTS_DIR; };
		F3FFD26A29D7DC850013B6DF /* AppDelegate.swift */ = {isa = PBXFileReference; lastKnownFileType = sourcecode.swift; path = AppDelegate.swift; sourceTree = "<group>"; };
		F3FFD26C29D7DC850013B6DF /* ViewController.swift */ = {isa = PBXFileReference; lastKnownFileType = sourcecode.swift; path = ViewController.swift; sourceTree = "<group>"; };
		F3FFD26E29D7DC870013B6DF /* Assets.xcassets */ = {isa = PBXFileReference; lastKnownFileType = folder.assetcatalog; path = Assets.xcassets; sourceTree = "<group>"; };
		F3FFD27129D7DC870013B6DF /* Base */ = {isa = PBXFileReference; lastKnownFileType = file.storyboard; name = Base; path = Base.lproj/Main.storyboard; sourceTree = "<group>"; };
		F3FFD27329D7DC870013B6DF /* Info.plist */ = {isa = PBXFileReference; lastKnownFileType = text.plist.xml; path = Info.plist; sourceTree = "<group>"; };
		F3FFD27429D7DC870013B6DF /* First_App.entitlements */ = {isa = PBXFileReference; lastKnownFileType = text.plist.entitlements; path = First_App.entitlements; sourceTree = "<group>"; };
		F3FFD27929D7DC880013B6DF /* First-AppTests.xctest */ = {isa = PBXFileReference; explicitFileType = wrapper.cfbundle; includeInIndex = 0; path = "First-AppTests.xctest"; sourceTree = BUILT_PRODUCTS_DIR; };
		F3FFD27D29D7DC880013B6DF /* First_AppTests.swift */ = {isa = PBXFileReference; lastKnownFileType = sourcecode.swift; path = First_AppTests.swift; sourceTree = "<group>"; };
		F3FFD27F29D7DC880013B6DF /* Info.plist */ = {isa = PBXFileReference; lastKnownFileType = text.plist.xml; path = Info.plist; sourceTree = "<group>"; };
		F3FFD28429D7DC880013B6DF /* First-AppUITests.xctest */ = {isa = PBXFileReference; explicitFileType = wrapper.cfbundle; includeInIndex = 0; path = "First-AppUITests.xctest"; sourceTree = BUILT_PRODUCTS_DIR; };
		F3FFD28829D7DC880013B6DF /* First_AppUITests.swift */ = {isa = PBXFileReference; lastKnownFileType = sourcecode.swift; path = First_AppUITests.swift; sourceTree = "<group>"; };
		F3FFD28A29D7DC880013B6DF /* Info.plist */ = {isa = PBXFileReference; lastKnownFileType = text.plist.xml; path = Info.plist; sourceTree = "<group>"; };
/* End PBXFileReference section */

/* Begin PBXFrameworksBuildPhase section */
		F3FFD26429D7DC850013B6DF /* Frameworks */ = {
			isa = PBXFrameworksBuildPhase;
			buildActionMask = 2147483647;
			files = (
			);
			runOnlyForDeploymentPostprocessing = 0;
		};
		F3FFD27629D7DC880013B6DF /* Frameworks */ = {
			isa = PBXFrameworksBuildPhase;
			buildActionMask = 2147483647;
			files = (
			);
			runOnlyForDeploymentPostprocessing = 0;
		};
		F3FFD28129D7DC880013B6DF /* Frameworks */ = {
			isa = PBXFrameworksBuildPhase;
			buildActionMask = 2147483647;
			files = (
			);
			runOnlyForDeploymentPostprocessing = 0;
		};
/* End PBXFrameworksBuildPhase section */

/* Begin PBXGroup section */
		F3FFD25E29D7DC850013B6DF = {
			isa = PBXGroup;
			children = (
				F3FFD26929D7DC850013B6DF /* First-App */,
				F3FFD27C29D7DC880013B6DF /* First-AppTests */,
				F3FFD28729D7DC880013B6DF /* First-AppUITests */,
				F3FFD26829D7DC850013B6DF /* Products */,
			);
			sourceTree = "<group>";
		};
		F3FFD26829D7DC850013B6DF /* Products */ = {
			isa = PBXGroup;
			children = (
				F3FFD26729D7DC850013B6DF /* First-App.app */,
				F3FFD27929D7DC880013B6DF /* First-AppTests.xctest */,
				F3FFD28429D7DC880013B6DF /* First-AppUITests.xctest */,
			);
			name = Products;
			sourceTree = "<group>";
		};
		F3FFD26929D7DC850013B6DF /* First-App */ = {
			isa = PBXGroup;
			children = (
				F3FFD26A29D7DC850013B6DF /* AppDelegate.swift */,
				F3FFD26C29D7DC850013B6DF /* ViewController.swift */,
				F3FFD26E29D7DC870013B6DF /* Assets.xcassets */,
				F3FFD27029D7DC870013B6DF /* Main.storyboard */,
				F3FFD27329D7DC870013B6DF /* Info.plist */,
				F3FFD27429D7DC870013B6DF /* First_App.entitlements */,
			);
			path = "First-App";
			sourceTree = "<group>";
		};
		F3FFD27C29D7DC880013B6DF /* First-AppTests */ = {
			isa = PBXGroup;
			children = (
				F3FFD27D29D7DC880013B6DF /* First_AppTests.swift */,
				F3FFD27F29D7DC880013B6DF /* Info.plist */,
			);
			path = "First-AppTests";
			sourceTree = "<group>";
		};
		F3FFD28729D7DC880013B6DF /* First-AppUITests */ = {
			isa = PBXGroup;
			children = (
				F3FFD28829D7DC880013B6DF /* First_AppUITests.swift */,
				F3FFD28A29D7DC880013B6DF /* Info.plist */,
			);
			path = "First-AppUITests";
			sourceTree = "<group>";
		};
/* End PBXGroup section */

/* Begin PBXNativeTarget section */
		F3FFD26629D7DC850013B6DF /* First-App */ = {
			isa = PBXNativeTarget;
			buildConfigurationList = F3FFD28D29D7DC880013B6DF /* Build configuration list for PBXNativeTarget "First-App" */;
			buildPhases = (
				F3FFD26329D7DC850013B6DF /* Sources */,
				F3FFD26429D7DC850013B6DF /* Frameworks */,
				F3FFD26529D7DC850013B6DF /* Resources */,
			);
			buildRules = (
			);
			dependencies = (
			);
			name = "First-App";
			productName = "First-App";
			productReference = F3FFD26729D7DC850013B6DF /* First-App.app */;
			productType = "com.apple.product-type.application";
		};
		F3FFD27829D7DC880013B6DF /* First-AppTests */ = {
			isa = PBXNativeTarget;
			buildConfigurationList = F3FFD29029D7DC880013B6DF /* Build configuration list for PBXNativeTarget "First-AppTests" */;
			buildPhases = (
				F3FFD27529D7DC880013B6DF /* Sources */,
				F3FFD27629D7DC880013B6DF /* Frameworks */,
				F3FFD27729D7DC880013B6DF /* Resources */,
			);
			buildRules = (
			);
			dependencies = (
				F3FFD27B29D7DC880013B6DF /* PBXTargetDependency */,
			);
			name = "First-AppTests";
			productName = "First-AppTests";
			productReference = F3FFD27929D7DC880013B6DF /* First-AppTests.xctest */;
			productType = "com.apple.product-type.bundle.unit-test";
		};
		F3FFD28329D7DC880013B6DF /* First-AppUITests */ = {
			isa = PBXNativeTarget;
			buildConfigurationList = F3FFD29329D7DC880013B6DF /* Build configuration list for PBXNativeTarget "First-AppUITests" */;
			buildPhases = (
				F3FFD28029D7DC880013B6DF /* Sources */,
				F3FFD28129D7DC880013B6DF /* Frameworks */,
				F3FFD28229D7DC880013B6DF /* Resources */,
			);
			buildRules = (
			);
			dependencies = (
				F3FFD28629D7DC880013B6DF /* PBXTargetDependency */,
			);
			name = "First-AppUITests";
			productName = "First-AppUITests";
			productReference = F3FFD28429D7DC880013B6DF /* First-AppUITests.xctest */;
			productType = "com.apple.product-type.bundle.ui-testing";
		};
/* End PBXNativeTarget section */

/* Begin PBXProject section */
		F3FFD25F29D7DC850013B6DF /* Project object */ = {
			isa = PBXProject;
			attributes = {
				LastSwiftUpdateCheck = 1240;
				LastUpgradeCheck = 1240;
				TargetAttributes = {
					F3FFD26629D7DC850013B6DF = {
						CreatedOnToolsVersion = 12.4;
					};
					F3FFD27829D7DC880013B6DF = {
						CreatedOnToolsVersion = 12.4;
						TestTargetID = F3FFD26629D7DC850013B6DF;
					};
					F3FFD28329D7DC880013B6DF = {
						CreatedOnToolsVersion = 12.4;
						TestTargetID = F3FFD26629D7DC850013B6DF;
					};
				};
			};
			buildConfigurationList = F3FFD26229D7DC850013B6DF /* Build configuration list for PBXProject "First-App" */;
			compatibilityVersion = "Xcode 9.3";
			developmentRegion = en;
			hasScannedForEncodings = 0;
			knownRegions = (
				en,
				Base,
			);
			mainGroup = F3FFD25E29D7DC850013B6DF;
			productRefGroup = F3FFD26829D7DC850013B6DF /* Products */;
			projectDirPath = "";
			projectRoot = "";
			targets = (
				F3FFD26629D7DC850013B6DF /* First-App */,
				F3FFD27829D7DC880013B6DF /* First-AppTests */,
				F3FFD28329D7DC880013B6DF /* First-AppUITests */,
			);
		};
/* End PBXProject section */

/* Begin PBXResourcesBuildPhase section */
		F3FFD26529D7DC850013B6DF /* Resources */ = {
			isa = PBXResourcesBuildPhase;
			buildActionMask = 2147483647;
			files = (
				F3FFD26F29D7DC870013B6DF /* Assets.xcassets in Resources */,
				F3FFD27229D7DC870013B6DF /* Main.storyboard in Resources */,
			);
			runOnlyForDeploymentPostprocessing = 0;
		};
		F3FFD27729D7DC880013B6DF /* Resources */ = {
			isa = PBXResourcesBuildPhase;
			buildActionMask = 2147483647;
			files = (
			);
			runOnlyForDeploymentPostprocessing = 0;
		};
		F3FFD28229D7DC880013B6DF /* Resources */ = {
			isa = PBXResourcesBuildPhase;
			buildActionMask = 2147483647;
			files = (
			);
			runOnlyForDeploymentPostprocessing = 0;
		};
/* End PBXResourcesBuildPhase section */

/* Begin PBXSourcesBuildPhase section */
		F3FFD26329D7DC850013B6DF /* Sources */ = {
			isa = PBXSourcesBuildPhase;
			buildActionMask = 2147483647;
			files = (
				F3FFD26D29D7DC850013B6DF /* ViewController.swift in Sources */,
				F3FFD26B29D7DC850013B6DF /* AppDelegate.swift in Sources */,
			);
			runOnlyForDeploymentPostprocessing = 0;
		};
		F3FFD27529D7DC880013B6DF /* Sources */ = {
			isa = PBXSourcesBuildPhase;
			buildActionMask = 2147483647;
			files = (
				F3FFD27E29D7DC880013B6DF /* First_AppTests.swift in Sources */,
			);
			runOnlyForDeploymentPostprocessing = 0;
		};
		F3FFD28029D7DC880013B6DF /* Sources */ = {
			isa = PBXSourcesBuildPhase;
			buildActionMask = 2147483647;
			files = (
				F3FFD28929D7DC880013B6DF /* First_AppUITests.swift in Sources */,
			);
			runOnlyForDeploymentPostprocessing = 0;
		};
/* End PBXSourcesBuildPhase section */

/* Begin PBXTargetDependency section */
		F3FFD27B29D7DC880013B6DF /* PBXTargetDependency */ = {
			isa = PBXTargetDependency;
			target = F3FFD26629D7DC850013B6DF /* First-App */;
			targetProxy = F3FFD27A29D7DC880013B6DF /* PBXContainerItemProxy */;
		};
		F3FFD28629D7DC880013B6DF /* PBXTargetDependency */ = {
			isa = PBXTargetDependency;
			target = F3FFD26629D7DC850013B6DF /* First-App */;
			targetProxy = F3FFD28529D7DC880013B6DF /* PBXContainerItemProxy */;
		};
/* End PBXTargetDependency section */

/* Begin PBXVariantGroup section */
		F3FFD27029D7DC870013B6DF /* Main.storyboard */ = {
			isa = PBXVariantGroup;
			children = (
				F3FFD27129D7DC870013B6DF /* Base */,
			);
			name = Main.storyboard;
			sourceTree = "<group>";
		};
/* End PBXVariantGroup section */

/* Begin XCBuildConfiguration section */
		F3FFD28B29D7DC880013B6DF /* Debug */ = {
			isa = XCBuildConfiguration;
			buildSettings = {
				ALWAYS_SEARCH_USER_PATHS = NO;
				CLANG_ANALYZER_NONNULL = YES;
				CLANG_ANALYZER_NUMBER_OBJECT_CONVERSION = YES_AGGRESSIVE;
				CLANG_CXX_LANGUAGE_STANDARD = "gnu++14";
				CLANG_CXX_LIBRARY = "libc++";
				CLANG_ENABLE_MODULES = YES;
				CLANG_ENABLE_OBJC_ARC = YES;
				CLANG_ENABLE_OBJC_WEAK = YES;
				CLANG_WARN_BLOCK_CAPTURE_AUTORELEASING = YES;
				CLANG_WARN_BOOL_CONVERSION = YES;
				CLANG_WARN_COMMA = YES;
				CLANG_WARN_CONSTANT_CONVERSION = YES;
				CLANG_WARN_DEPRECATED_OBJC_IMPLEMENTATIONS = YES;
				CLANG_WARN_DIRECT_OBJC_ISA_USAGE = YES_ERROR;
				CLANG_WARN_DOCUMENTATION_COMMENTS = YES;
				CLANG_WARN_EMPTY_BODY = YES;
				CLANG_WARN_ENUM_CONVERSION = YES;
				CLANG_WARN_INFINITE_RECURSION = YES;
				CLANG_WARN_INT_CONVERSION = YES;
				CLANG_WARN_NON_LITERAL_NULL_CONVERSION = YES;
				CLANG_WARN_OBJC_IMPLICIT_RETAIN_SELF = YES;
				CLANG_WARN_OBJC_LITERAL_CONVERSION = YES;
				CLANG_WARN_OBJC_ROOT_CLASS = YES_ERROR;
				CLANG_WARN_QUOTED_INCLUDE_IN_FRAMEWORK_HEADER = YES;
				CLANG_WARN_RANGE_LOOP_ANALYSIS = YES;
				CLANG_WARN_STRICT_PROTOTYPES = YES;
				CLANG_WARN_SUSPICIOUS_MOVE = YES;
				CLANG_WARN_UNGUARDED_AVAILABILITY = YES_AGGRESSIVE;
				CLANG_WARN_UNREACHABLE_CODE = YES;
				CLANG_WARN__DUPLICATE_METHOD_MATCH = YES;
				COPY_PHASE_STRIP = NO;
				DEBUG_INFORMATION_FORMAT = dwarf;
				ENABLE_STRICT_OBJC_MSGSEND = YES;
				ENABLE_TESTABILITY = YES;
				GCC_C_LANGUAGE_STANDARD = gnu11;
				GCC_DYNAMIC_NO_PIC = NO;
				GCC_NO_COMMON_BLOCKS = YES;
				GCC_OPTIMIZATION_LEVEL = 0;
				GCC_PREPROCESSOR_DEFINITIONS = (
					"DEBUG=1",
					"$(inherited)",
				);
				GCC_WARN_64_TO_32_BIT_CONVERSION = YES;
				GCC_WARN_ABOUT_RETURN_TYPE = YES_ERROR;
				GCC_WARN_UNDECLARED_SELECTOR = YES;
				GCC_WARN_UNINITIALIZED_AUTOS = YES_AGGRESSIVE;
				GCC_WARN_UNUSED_FUNCTION = YES;
				GCC_WARN_UNUSED_VARIABLE = YES;
				MACOSX_DEPLOYMENT_TARGET = 10.15;
				MTL_ENABLE_DEBUG_INFO = INCLUDE_SOURCE;
				MTL_FAST_MATH = YES;
				ONLY_ACTIVE_ARCH = YES;
				SDKROOT = macosx;
				SWIFT_ACTIVE_COMPILATION_CONDITIONS = DEBUG;
				SWIFT_OPTIMIZATION_LEVEL = "-Onone";
			};
			name = Debug;
		};
		F3FFD28C29D7DC880013B6DF /* Release */ = {
			isa = XCBuildConfiguration;
			buildSettings = {
				ALWAYS_SEARCH_USER_PATHS = NO;
				CLANG_ANALYZER_NONNULL = YES;
				CLANG_ANALYZER_NUMBER_OBJECT_CONVERSION = YES_AGGRESSIVE;
				CLANG_CXX_LANGUAGE_STANDARD = "gnu++14";
				CLANG_CXX_LIBRARY = "libc++";
				CLANG_ENABLE_MODULES = YES;
				CLANG_ENABLE_OBJC_ARC = YES;
				CLANG_ENABLE_OBJC_WEAK = YES;
				CLANG_WARN_BLOCK_CAPTURE_AUTORELEASING = YES;
				CLANG_WARN_BOOL_CONVERSION = YES;
				CLANG_WARN_COMMA = YES;
				CLANG_WARN_CONSTANT_CONVERSION = YES;
				CLANG_WARN_DEPRECATED_OBJC_IMPLEMENTATIONS = YES;
				CLANG_WARN_DIRECT_OBJC_ISA_USAGE = YES_ERROR;
				CLANG_WARN_DOCUMENTATION_COMMENTS = YES;
				CLANG_WARN_EMPTY_BODY = YES;
				CLANG_WARN_ENUM_CONVERSION = YES;
				CLANG_WARN_INFINITE_RECURSION = YES;
				CLANG_WARN_INT_CONVERSION = YES;
				CLANG_WARN_NON_LITERAL_NULL_CONVERSION = YES;
				CLANG_WARN_OBJC_IMPLICIT_RETAIN_SELF = YES;
				CLANG_WARN_OBJC_LITERAL_CONVERSION = YES;
				CLANG_WARN_OBJC_ROOT_CLASS = YES_ERROR;
				CLANG_WARN_QUOTED_INCLUDE_IN_FRAMEWORK_HEADER = YES;
				CLANG_WARN_RANGE_LOOP_ANALYSIS = YES;
				CLANG_WARN_STRICT_PROTOTYPES = YES;
				CLANG_WARN_SUSPICIOUS_MOVE = YES;
				CLANG_WARN_UNGUARDED_AVAILABILITY = YES_AGGRESSIVE;
				CLANG_WARN_UNREACHABLE_CODE = YES;
				CLANG_WARN__DUPLICATE_METHOD_MATCH = YES;
				COPY_PHASE_STRIP = NO;
				DEBUG_INFORMATION_FORMAT = "dwarf-with-dsym";
				ENABLE_NS_ASSERTIONS = NO;
				ENABLE_STRICT_OBJC_MSGSEND = YES;
				GCC_C_LANGUAGE_STANDARD = gnu11;
				GCC_NO_COMMON_BLOCKS = YES;
				GCC_WARN_64_TO_32_BIT_CONVERSION = YES;
				GCC_WARN_ABOUT_RETURN_TYPE = YES_ERROR;
				GCC_WARN_UNDECLARED_SELECTOR = YES;
				GCC_WARN_UNINITIALIZED_AUTOS = YES_AGGRESSIVE;
				GCC_WARN_UNUSED_FUNCTION = YES;
				GCC_WARN_UNUSED_VARIABLE = YES;
				MACOSX_DEPLOYMENT_TARGET = 10.15;
				MTL_ENABLE_DEBUG_INFO = NO;
				MTL_FAST_MATH = YES;
				SDKROOT = macosx;
				SWIFT_COMPILATION_MODE = wholemodule;
				SWIFT_OPTIMIZATION_LEVEL = "-O";
			};
			name = Release;
		};
		F3FFD28E29D7DC880013B6DF /* Debug */ = {
			isa = XCBuildConfiguration;
			buildSettings = {
				ASSETCATALOG_COMPILER_APPICON_NAME = AppIcon;
				ASSETCATALOG_COMPILER_GLOBAL_ACCENT_COLOR_NAME = AccentColor;
				CODE_SIGN_ENTITLEMENTS = "First-App/First_App.entitlements";
				CODE_SIGN_STYLE = Automatic;
				COMBINE_HIDPI_IMAGES = YES;
				INFOPLIST_FILE = "First-App/Info.plist";
				LD_RUNPATH_SEARCH_PATHS = (
					"$(inherited)",
					"@executable_path/../Frameworks",
				);
				PRODUCT_BUNDLE_IDENTIFIER = "vn.edu.bvu.taquangkhoi.First-App";
				PRODUCT_NAME = "$(TARGET_NAME)";
				SWIFT_VERSION = 5.0;
			};
			name = Debug;
		};
		F3FFD28F29D7DC880013B6DF /* Release */ = {
			isa = XCBuildConfiguration;
			buildSettings = {
				ASSETCATALOG_COMPILER_APPICON_NAME = AppIcon;
				ASSETCATALOG_COMPILER_GLOBAL_ACCENT_COLOR_NAME = AccentColor;
				CODE_SIGN_ENTITLEMENTS = "First-App/First_App.entitlements";
				CODE_SIGN_STYLE = Automatic;
				COMBINE_HIDPI_IMAGES = YES;
				INFOPLIST_FILE = "First-App/Info.plist";
				LD_RUNPATH_SEARCH_PATHS = (
					"$(inherited)",
					"@executable_path/../Frameworks",
				);
				PRODUCT_BUNDLE_IDENTIFIER = "vn.edu.bvu.taquangkhoi.First-App";
				PRODUCT_NAME = "$(TARGET_NAME)";
				SWIFT_VERSION = 5.0;
			};
			name = Release;
		};
		F3FFD29129D7DC880013B6DF /* Debug */ = {
			isa = XCBuildConfiguration;
			buildSettings = {
				ALWAYS_EMBED_SWIFT_STANDARD_LIBRARIES = YES;
				BUNDLE_LOADER = "$(TEST_HOST)";
				CODE_SIGN_STYLE = Automatic;
				COMBINE_HIDPI_IMAGES = YES;
				INFOPLIST_FILE = "First-AppTests/Info.plist";
				LD_RUNPATH_SEARCH_PATHS = (
					"$(inherited)",
					"@executable_path/../Frameworks",
					"@loader_path/../Frameworks",
				);
				MACOSX_DEPLOYMENT_TARGET = 10.15;
				PRODUCT_BUNDLE_IDENTIFIER = "vn.edu.bvu.taquangkhoi.First-AppTests";
				PRODUCT_NAME = "$(TARGET_NAME)";
				SWIFT_VERSION = 5.0;
				TEST_HOST = "$(BUILT_PRODUCTS_DIR)/First-App.app/Contents/MacOS/First-App";
			};
			name = Debug;
		};
		F3FFD29229D7DC880013B6DF /* Release */ = {
			isa = XCBuildConfiguration;
			buildSettings = {
				ALWAYS_EMBED_SWIFT_STANDARD_LIBRARIES = YES;
				BUNDLE_LOADER = "$(TEST_HOST)";
				CODE_SIGN_STYLE = Automatic;
				COMBINE_HIDPI_IMAGES = YES;
				INFOPLIST_FILE = "First-AppTests/Info.plist";
				LD_RUNPATH_SEARCH_PATHS = (
					"$(inherited)",
					"@executable_path/../Frameworks",
					"@loader_path/../Frameworks",
				);
				MACOSX_DEPLOYMENT_TARGET = 10.15;
				PRODUCT_BUNDLE_IDENTIFIER = "vn.edu.bvu.taquangkhoi.First-AppTests";
				PRODUCT_NAME = "$(TARGET_NAME)";
				SWIFT_VERSION = 5.0;
				TEST_HOST = "$(BUILT_PRODUCTS_DIR)/First-App.app/Contents/MacOS/First-App";
			};
			name = Release;
		};
		F3FFD29429D7DC880013B6DF /* Debug */ = {
			isa = XCBuildConfiguration;
			buildSettings = {
				ALWAYS_EMBED_SWIFT_STANDARD_LIBRARIES = YES;
				CODE_SIGN_STYLE = Automatic;
				COMBINE_HIDPI_IMAGES = YES;
				INFOPLIST_FILE = "First-AppUITests/Info.plist";
				LD_RUNPATH_SEARCH_PATHS = (
					"$(inherited)",
					"@executable_path/../Frameworks",
					"@loader_path/../Frameworks",
				);
				PRODUCT_BUNDLE_IDENTIFIER = "vn.edu.bvu.taquangkhoi.First-AppUITests";
				PRODUCT_NAME = "$(TARGET_NAME)";
				SWIFT_VERSION = 5.0;
				TEST_TARGET_NAME = "First-App";
			};
			name = Debug;
		};
		F3FFD29529D7DC880013B6DF /* Release */ = {
			isa = XCBuildConfiguration;
			buildSettings = {
				ALWAYS_EMBED_SWIFT_STANDARD_LIBRARIES = YES;
				CODE_SIGN_STYLE = Automatic;
				COMBINE_HIDPI_IMAGES = YES;
				INFOPLIST_FILE = "First-AppUITests/Info.plist";
				LD_RUNPATH_SEARCH_PATHS = (
					"$(inherited)",
					"@executable_path/../Frameworks",
					"@loader_path/../Frameworks",
				);
				PRODUCT_BUNDLE_IDENTIFIER = "vn.edu.bvu.taquangkhoi.First-AppUITests";
				PRODUCT_NAME = "$(TARGET_NAME)";
				SWIFT_VERSION = 5.0;
				TEST_TARGET_NAME = "First-App";
			};
			name = Release;
		};
/* End XCBuildConfiguration section */

/* Begin XCConfigurationList section */
		F3FFD26229D7DC850013B6DF /* Build configuration list for PBXProject "First-App" */ = {
			isa = XCConfigurationList;
			buildConfigurations = (
				F3FFD28B29D7DC880013B6DF /* Debug */,
				F3FFD28C29D7DC880013B6DF /* Release */,
			);
			defaultConfigurationIsVisible = 0;
			defaultConfigurationName = Release;
		};
		F3FFD28D29D7DC880013B6DF /* Build configuration list for PBXNativeTarget "First-App" */ = {
			isa = XCConfigurationList;
			buildConfigurations = (
				F3FFD28E29D7DC880013B6DF /* Debug */,
				F3FFD28F29D7DC880013B6DF /* Release */,
			);
			defaultConfigurationIsVisible = 0;
			defaultConfigurationName = Release;
		};
		F3FFD29029D7DC880013B6DF /* Build configuration list for PBXNativeTarget "First-AppTests" */ = {
			isa = XCConfigurationList;
			buildConfigurations = (
				F3FFD29129D7DC880013B6DF /* Debug */,
				F3FFD29229D7DC880013B6DF /* Release */,
			);
			defaultConfigurationIsVisible = 0;
			defaultConfigurationName = Release;
		};
		F3FFD29329D7DC880013B6DF /* Build configuration list for PBXNativeTarget "First-AppUITests" */ = {
			isa = XCConfigurationList;
			buildConfigurations = (
				F3FFD29429D7DC880013B6DF /* Debug */,
				F3FFD29529D7DC880013B6DF /* Release */,
			);
			defaultConfigurationIsVisible = 0;
			defaultConfigurationName = Release;
		};
/* End XCConfigurationList section */
	};
	rootObject = F3FFD25F29D7DC850013B6DF /* Project object */;
}
