// !$*UTF8*$!
{
	archiveVersion = 1;
	classes = {
	};
	objectVersion = 50;
	objects = {

/* Begin PBXBuildFile section */
		F3D736B52A1852AF009DB31F /* AppDelegate.swift in Sources */ = {isa = PBXBuildFile; fileRef = F3D736B42A1852AF009DB31F /* AppDelegate.swift */; };
		F3D736B72A1852AF009DB31F /* SceneDelegate.swift in Sources */ = {isa = PBXBuildFile; fileRef = F3D736B62A1852AF009DB31F /* SceneDelegate.swift */; };
		F3D736B92A1852AF009DB31F /* Screen1ViewController.swift in Sources */ = {isa = PBXBuildFile; fileRef = F3D736B82A1852AF009DB31F /* Screen1ViewController.swift */; };
		F3D736BC2A1852AF009DB31F /* Main.storyboard in Resources */ = {isa = PBXBuildFile; fileRef = F3D736BA2A1852AF009DB31F /* Main.storyboard */; };
		F3D736BF2A1852AF009DB31F /* TaQuangKhoiGKSmartQuizz.xcdatamodeld in Sources */ = {isa = PBXBuildFile; fileRef = F3D736BD2A1852AF009DB31F /* TaQuangKhoiGKSmartQuizz.xcdatamodeld */; };
		F3D736C12A1852B4009DB31F /* Assets.xcassets in Resources */ = {isa = PBXBuildFile; fileRef = F3D736C02A1852B4009DB31F /* Assets.xcassets */; };
		F3D736C42A1852B4009DB31F /* LaunchScreen.storyboard in Resources */ = {isa = PBXBuildFile; fileRef = F3D736C22A1852B4009DB31F /* LaunchScreen.storyboard */; };
		F3D736CE2A18582D009DB31F /* Screen2TableViewController.swift in Sources */ = {isa = PBXBuildFile; fileRef = F3D736CD2A18582D009DB31F /* Screen2TableViewController.swift */; };
		F3D736D12A185C5D009DB31F /* Screen3ViewController.swift in Sources */ = {isa = PBXBuildFile; fileRef = F3D736D02A185C5D009DB31F /* Screen3ViewController.swift */; };
		F3D736D42A185F9F009DB31F /* Screen4TableViewController.swift in Sources */ = {isa = PBXBuildFile; fileRef = F3D736D32A185F9F009DB31F /* Screen4TableViewController.swift */; };
/* End PBXBuildFile section */

/* Begin PBXFileReference section */
		F3D736B12A1852AF009DB31F /* TaQuangKhoiGKSmartQuizz.app */ = {isa = PBXFileReference; explicitFileType = wrapper.application; includeInIndex = 0; path = TaQuangKhoiGKSmartQuizz.app; sourceTree = BUILT_PRODUCTS_DIR; };
		F3D736B42A1852AF009DB31F /* AppDelegate.swift */ = {isa = PBXFileReference; lastKnownFileType = sourcecode.swift; path = AppDelegate.swift; sourceTree = "<group>"; };
		F3D736B62A1852AF009DB31F /* SceneDelegate.swift */ = {isa = PBXFileReference; lastKnownFileType = sourcecode.swift; path = SceneDelegate.swift; sourceTree = "<group>"; };
		F3D736B82A1852AF009DB31F /* Screen1ViewController.swift */ = {isa = PBXFileReference; lastKnownFileType = sourcecode.swift; path = Screen1ViewController.swift; sourceTree = "<group>"; };
		F3D736BB2A1852AF009DB31F /* Base */ = {isa = PBXFileReference; lastKnownFileType = file.storyboard; name = Base; path = Base.lproj/Main.storyboard; sourceTree = "<group>"; };
		F3D736BE2A1852AF009DB31F /* TaQuangKhoiGKSmartQuizz.xcdatamodel */ = {isa = PBXFileReference; lastKnownFileType = wrapper.xcdatamodel; path = TaQuangKhoiGKSmartQuizz.xcdatamodel; sourceTree = "<group>"; };
		F3D736C02A1852B4009DB31F /* Assets.xcassets */ = {isa = PBXFileReference; lastKnownFileType = folder.assetcatalog; path = Assets.xcassets; sourceTree = "<group>"; };
		F3D736C32A1852B4009DB31F /* Base */ = {isa = PBXFileReference; lastKnownFileType = file.storyboard; name = Base; path = Base.lproj/LaunchScreen.storyboard; sourceTree = "<group>"; };
		F3D736C52A1852B4009DB31F /* Info.plist */ = {isa = PBXFileReference; lastKnownFileType = text.plist.xml; path = Info.plist; sourceTree = "<group>"; };
		F3D736CD2A18582D009DB31F /* Screen2TableViewController.swift */ = {isa = PBXFileReference; lastKnownFileType = sourcecode.swift; path = Screen2TableViewController.swift; sourceTree = "<group>"; };
		F3D736D02A185C5D009DB31F /* Screen3ViewController.swift */ = {isa = PBXFileReference; lastKnownFileType = sourcecode.swift; path = Screen3ViewController.swift; sourceTree = "<group>"; };
		F3D736D32A185F9F009DB31F /* Screen4TableViewController.swift */ = {isa = PBXFileReference; lastKnownFileType = sourcecode.swift; path = Screen4TableViewController.swift; sourceTree = "<group>"; };
/* End PBXFileReference section */

/* Begin PBXFrameworksBuildPhase section */
		F3D736AE2A1852AF009DB31F /* Frameworks */ = {
			isa = PBXFrameworksBuildPhase;
			buildActionMask = 2147483647;
			files = (
			);
			runOnlyForDeploymentPostprocessing = 0;
		};
/* End PBXFrameworksBuildPhase section */

/* Begin PBXGroup section */
		F3D736A82A1852AF009DB31F = {
			isa = PBXGroup;
			children = (
				F3D736B32A1852AF009DB31F /* TaQuangKhoiGKSmartQuizz */,
				F3D736B22A1852AF009DB31F /* Products */,
			);
			sourceTree = "<group>";
		};
		F3D736B22A1852AF009DB31F /* Products */ = {
			isa = PBXGroup;
			children = (
				F3D736B12A1852AF009DB31F /* TaQuangKhoiGKSmartQuizz.app */,
			);
			name = Products;
			sourceTree = "<group>";
		};
		F3D736B32A1852AF009DB31F /* TaQuangKhoiGKSmartQuizz */ = {
			isa = PBXGroup;
			children = (
				F3D736B42A1852AF009DB31F /* AppDelegate.swift */,
				F3D736B62A1852AF009DB31F /* SceneDelegate.swift */,
				F3D736B82A1852AF009DB31F /* Screen1ViewController.swift */,
				F3D736D32A185F9F009DB31F /* Screen4TableViewController.swift */,
				F3D736BA2A1852AF009DB31F /* Main.storyboard */,
				F3D736D02A185C5D009DB31F /* Screen3ViewController.swift */,
				F3D736CD2A18582D009DB31F /* Screen2TableViewController.swift */,
				F3D736C02A1852B4009DB31F /* Assets.xcassets */,
				F3D736C22A1852B4009DB31F /* LaunchScreen.storyboard */,
				F3D736C52A1852B4009DB31F /* Info.plist */,
				F3D736BD2A1852AF009DB31F /* TaQuangKhoiGKSmartQuizz.xcdatamodeld */,
			);
			path = TaQuangKhoiGKSmartQuizz;
			sourceTree = "<group>";
		};
/* End PBXGroup section */

/* Begin PBXNativeTarget section */
		F3D736B02A1852AF009DB31F /* TaQuangKhoiGKSmartQuizz */ = {
			isa = PBXNativeTarget;
			buildConfigurationList = F3D736C82A1852B4009DB31F /* Build configuration list for PBXNativeTarget "TaQuangKhoiGKSmartQuizz" */;
			buildPhases = (
				F3D736AD2A1852AF009DB31F /* Sources */,
				F3D736AE2A1852AF009DB31F /* Frameworks */,
				F3D736AF2A1852AF009DB31F /* Resources */,
			);
			buildRules = (
			);
			dependencies = (
			);
			name = TaQuangKhoiGKSmartQuizz;
			productName = TaQuangKhoiGKSmartQuizz;
			productReference = F3D736B12A1852AF009DB31F /* TaQuangKhoiGKSmartQuizz.app */;
			productType = "com.apple.product-type.application";
		};
/* End PBXNativeTarget section */

/* Begin PBXProject section */
		F3D736A92A1852AF009DB31F /* Project object */ = {
			isa = PBXProject;
			attributes = {
				LastSwiftUpdateCheck = 1240;
				LastUpgradeCheck = 1240;
				TargetAttributes = {
					F3D736B02A1852AF009DB31F = {
						CreatedOnToolsVersion = 12.4;
					};
				};
			};
			buildConfigurationList = F3D736AC2A1852AF009DB31F /* Build configuration list for PBXProject "TaQuangKhoiGKSmartQuizz" */;
			compatibilityVersion = "Xcode 9.3";
			developmentRegion = en;
			hasScannedForEncodings = 0;
			knownRegions = (
				en,
				Base,
			);
			mainGroup = F3D736A82A1852AF009DB31F;
			productRefGroup = F3D736B22A1852AF009DB31F /* Products */;
			projectDirPath = "";
			projectRoot = "";
			targets = (
				F3D736B02A1852AF009DB31F /* TaQuangKhoiGKSmartQuizz */,
			);
		};
/* End PBXProject section */

/* Begin PBXResourcesBuildPhase section */
		F3D736AF2A1852AF009DB31F /* Resources */ = {
			isa = PBXResourcesBuildPhase;
			buildActionMask = 2147483647;
			files = (
				F3D736C42A1852B4009DB31F /* LaunchScreen.storyboard in Resources */,
				F3D736C12A1852B4009DB31F /* Assets.xcassets in Resources */,
				F3D736BC2A1852AF009DB31F /* Main.storyboard in Resources */,
			);
			runOnlyForDeploymentPostprocessing = 0;
		};
/* End PBXResourcesBuildPhase section */

/* Begin PBXSourcesBuildPhase section */
		F3D736AD2A1852AF009DB31F /* Sources */ = {
			isa = PBXSourcesBuildPhase;
			buildActionMask = 2147483647;
			files = (
				F3D736D12A185C5D009DB31F /* Screen3ViewController.swift in Sources */,
				F3D736BF2A1852AF009DB31F /* TaQuangKhoiGKSmartQuizz.xcdatamodeld in Sources */,
				F3D736CE2A18582D009DB31F /* Screen2TableViewController.swift in Sources */,
				F3D736D42A185F9F009DB31F /* Screen4TableViewController.swift in Sources */,
				F3D736B92A1852AF009DB31F /* Screen1ViewController.swift in Sources */,
				F3D736B52A1852AF009DB31F /* AppDelegate.swift in Sources */,
				F3D736B72A1852AF009DB31F /* SceneDelegate.swift in Sources */,
			);
			runOnlyForDeploymentPostprocessing = 0;
		};
/* End PBXSourcesBuildPhase section */

/* Begin PBXVariantGroup section */
		F3D736BA2A1852AF009DB31F /* Main.storyboard */ = {
			isa = PBXVariantGroup;
			children = (
				F3D736BB2A1852AF009DB31F /* Base */,
			);
			name = Main.storyboard;
			sourceTree = "<group>";
		};
		F3D736C22A1852B4009DB31F /* LaunchScreen.storyboard */ = {
			isa = PBXVariantGroup;
			children = (
				F3D736C32A1852B4009DB31F /* Base */,
			);
			name = LaunchScreen.storyboard;
			sourceTree = "<group>";
		};
/* End PBXVariantGroup section */

/* Begin XCBuildConfiguration section */
		F3D736C62A1852B4009DB31F /* Debug */ = {
			isa = XCBuildConfiguration;
			buildSettings = {
				ALWAYS_SEARCH_USER_PATHS = NO;
				CLANG_ANALYZER_NONNULL = YES;
				CLANG_ANALYZER_NUMBER_OBJECT_CONVERSION = YES_AGGRESSIVE;
				CLANG_CXX_LANGUAGE_STANDARD = "gnu++14";
				CLANG_CXX_LIBRARY = "libc++";
				CLANG_ENABLE_MODULES = YES;
				CLANG_ENABLE_OBJC_ARC = YES;
				CLANG_ENABLE_OBJC_WEAK = YES;
				CLANG_WARN_BLOCK_CAPTURE_AUTORELEASING = YES;
				CLANG_WARN_BOOL_CONVERSION = YES;
				CLANG_WARN_COMMA = YES;
				CLANG_WARN_CONSTANT_CONVERSION = YES;
				CLANG_WARN_DEPRECATED_OBJC_IMPLEMENTATIONS = YES;
				CLANG_WARN_DIRECT_OBJC_ISA_USAGE = YES_ERROR;
				CLANG_WARN_DOCUMENTATION_COMMENTS = YES;
				CLANG_WARN_EMPTY_BODY = YES;
				CLANG_WARN_ENUM_CONVERSION = YES;
				CLANG_WARN_INFINITE_RECURSION = YES;
				CLANG_WARN_INT_CONVERSION = YES;
				CLANG_WARN_NON_LITERAL_NULL_CONVERSION = YES;
				CLANG_WARN_OBJC_IMPLICIT_RETAIN_SELF = YES;
				CLANG_WARN_OBJC_LITERAL_CONVERSION = YES;
				CLANG_WARN_OBJC_ROOT_CLASS = YES_ERROR;
				CLANG_WARN_QUOTED_INCLUDE_IN_FRAMEWORK_HEADER = YES;
				CLANG_WARN_RANGE_LOOP_ANALYSIS = YES;
				CLANG_WARN_STRICT_PROTOTYPES = YES;
				CLANG_WARN_SUSPICIOUS_MOVE = YES;
				CLANG_WARN_UNGUARDED_AVAILABILITY = YES_AGGRESSIVE;
				CLANG_WARN_UNREACHABLE_CODE = YES;
				CLANG_WARN__DUPLICATE_METHOD_MATCH = YES;
				COPY_PHASE_STRIP = NO;
				DEBUG_INFORMATION_FORMAT = dwarf;
				ENABLE_STRICT_OBJC_MSGSEND = YES;
				ENABLE_TESTABILITY = YES;
				GCC_C_LANGUAGE_STANDARD = gnu11;
				GCC_DYNAMIC_NO_PIC = NO;
				GCC_NO_COMMON_BLOCKS = YES;
				GCC_OPTIMIZATION_LEVEL = 0;
				GCC_PREPROCESSOR_DEFINITIONS = (
					"DEBUG=1",
					"$(inherited)",
				);
				GCC_WARN_64_TO_32_BIT_CONVERSION = YES;
				GCC_WARN_ABOUT_RETURN_TYPE = YES_ERROR;
				GCC_WARN_UNDECLARED_SELECTOR = YES;
				GCC_WARN_UNINITIALIZED_AUTOS = YES_AGGRESSIVE;
				GCC_WARN_UNUSED_FUNCTION = YES;
				GCC_WARN_UNUSED_VARIABLE = YES;
				IPHONEOS_DEPLOYMENT_TARGET = 14.4;
				MTL_ENABLE_DEBUG_INFO = INCLUDE_SOURCE;
				MTL_FAST_MATH = YES;
				ONLY_ACTIVE_ARCH = YES;
				SDKROOT = iphoneos;
				SWIFT_ACTIVE_COMPILATION_CONDITIONS = DEBUG;
				SWIFT_OPTIMIZATION_LEVEL = "-Onone";
			};
			name = Debug;
		};
		F3D736C72A1852B4009DB31F /* Release */ = {
			isa = XCBuildConfiguration;
			buildSettings = {
				ALWAYS_SEARCH_USER_PATHS = NO;
				CLANG_ANALYZER_NONNULL = YES;
				CLANG_ANALYZER_NUMBER_OBJECT_CONVERSION = YES_AGGRESSIVE;
				CLANG_CXX_LANGUAGE_STANDARD = "gnu++14";
				CLANG_CXX_LIBRARY = "libc++";
				CLANG_ENABLE_MODULES = YES;
				CLANG_ENABLE_OBJC_ARC = YES;
				CLANG_ENABLE_OBJC_WEAK = YES;
				CLANG_WARN_BLOCK_CAPTURE_AUTORELEASING = YES;
				CLANG_WARN_BOOL_CONVERSION = YES;
				CLANG_WARN_COMMA = YES;
				CLANG_WARN_CONSTANT_CONVERSION = YES;
				CLANG_WARN_DEPRECATED_OBJC_IMPLEMENTATIONS = YES;
				CLANG_WARN_DIRECT_OBJC_ISA_USAGE = YES_ERROR;
				CLANG_WARN_DOCUMENTATION_COMMENTS = YES;
				CLANG_WARN_EMPTY_BODY = YES;
				CLANG_WARN_ENUM_CONVERSION = YES;
				CLANG_WARN_INFINITE_RECURSION = YES;
				CLANG_WARN_INT_CONVERSION = YES;
				CLANG_WARN_NON_LITERAL_NULL_CONVERSION = YES;
				CLANG_WARN_OBJC_IMPLICIT_RETAIN_SELF = YES;
				CLANG_WARN_OBJC_LITERAL_CONVERSION = YES;
				CLANG_WARN_OBJC_ROOT_CLASS = YES_ERROR;
				CLANG_WARN_QUOTED_INCLUDE_IN_FRAMEWORK_HEADER = YES;
				CLANG_WARN_RANGE_LOOP_ANALYSIS = YES;
				CLANG_WARN_STRICT_PROTOTYPES = YES;
				CLANG_WARN_SUSPICIOUS_MOVE = YES;
				CLANG_WARN_UNGUARDED_AVAILABILITY = YES_AGGRESSIVE;
				CLANG_WARN_UNREACHABLE_CODE = YES;
				CLANG_WARN__DUPLICATE_METHOD_MATCH = YES;
				COPY_PHASE_STRIP = NO;
				DEBUG_INFORMATION_FORMAT = "dwarf-with-dsym";
				ENABLE_NS_ASSERTIONS = NO;
				ENABLE_STRICT_OBJC_MSGSEND = YES;
				GCC_C_LANGUAGE_STANDARD = gnu11;
				GCC_NO_COMMON_BLOCKS = YES;
				GCC_WARN_64_TO_32_BIT_CONVERSION = YES;
				GCC_WARN_ABOUT_RETURN_TYPE = YES_ERROR;
				GCC_WARN_UNDECLARED_SELECTOR = YES;
				GCC_WARN_UNINITIALIZED_AUTOS = YES_AGGRESSIVE;
				GCC_WARN_UNUSED_FUNCTION = YES;
				GCC_WARN_UNUSED_VARIABLE = YES;
				IPHONEOS_DEPLOYMENT_TARGET = 14.4;
				MTL_ENABLE_DEBUG_INFO = NO;
				MTL_FAST_MATH = YES;
				SDKROOT = iphoneos;
				SWIFT_COMPILATION_MODE = wholemodule;
				SWIFT_OPTIMIZATION_LEVEL = "-O";
				VALIDATE_PRODUCT = YES;
			};
			name = Release;
		};
		F3D736C92A1852B4009DB31F /* Debug */ = {
			isa = XCBuildConfiguration;
			buildSettings = {
				ASSETCATALOG_COMPILER_APPICON_NAME = AppIcon;
				ASSETCATALOG_COMPILER_GLOBAL_ACCENT_COLOR_NAME = AccentColor;
				CODE_SIGN_STYLE = Automatic;
				INFOPLIST_FILE = TaQuangKhoiGKSmartQuizz/Info.plist;
				LD_RUNPATH_SEARCH_PATHS = (
					"$(inherited)",
					"@executable_path/Frameworks",
				);
				PRODUCT_BUNDLE_IDENTIFIER = vn.edu.bvu.taquangkhoi.TaQuangKhoiGKSmartQuizz;
				PRODUCT_NAME = "$(TARGET_NAME)";
				SWIFT_VERSION = 5.0;
				TARGETED_DEVICE_FAMILY = "1,2";
			};
			name = Debug;
		};
		F3D736CA2A1852B4009DB31F /* Release */ = {
			isa = XCBuildConfiguration;
			buildSettings = {
				ASSETCATALOG_COMPILER_APPICON_NAME = AppIcon;
				ASSETCATALOG_COMPILER_GLOBAL_ACCENT_COLOR_NAME = AccentColor;
				CODE_SIGN_STYLE = Automatic;
				INFOPLIST_FILE = TaQuangKhoiGKSmartQuizz/Info.plist;
				LD_RUNPATH_SEARCH_PATHS = (
					"$(inherited)",
					"@executable_path/Frameworks",
				);
				PRODUCT_BUNDLE_IDENTIFIER = vn.edu.bvu.taquangkhoi.TaQuangKhoiGKSmartQuizz;
				PRODUCT_NAME = "$(TARGET_NAME)";
				SWIFT_VERSION = 5.0;
				TARGETED_DEVICE_FAMILY = "1,2";
			};
			name = Release;
		};
/* End XCBuildConfiguration section */

/* Begin XCConfigurationList section */
		F3D736AC2A1852AF009DB31F /* Build configuration list for PBXProject "TaQuangKhoiGKSmartQuizz" */ = {
			isa = XCConfigurationList;
			buildConfigurations = (
				F3D736C62A1852B4009DB31F /* Debug */,
				F3D736C72A1852B4009DB31F /* Release */,
			);
			defaultConfigurationIsVisible = 0;
			defaultConfigurationName = Release;
		};
		F3D736C82A1852B4009DB31F /* Build configuration list for PBXNativeTarget "TaQuangKhoiGKSmartQuizz" */ = {
			isa = XCConfigurationList;
			buildConfigurations = (
				F3D736C92A1852B4009DB31F /* Debug */,
				F3D736CA2A1852B4009DB31F /* Release */,
			);
			defaultConfigurationIsVisible = 0;
			defaultConfigurationName = Release;
		};
/* End XCConfigurationList section */

/* Begin XCVersionGroup section */
		F3D736BD2A1852AF009DB31F /* TaQuangKhoiGKSmartQuizz.xcdatamodeld */ = {
			isa = XCVersionGroup;
			children = (
				F3D736BE2A1852AF009DB31F /* TaQuangKhoiGKSmartQuizz.xcdatamodel */,
			);
			currentVersion = F3D736BE2A1852AF009DB31F /* TaQuangKhoiGKSmartQuizz.xcdatamodel */;
			path = TaQuangKhoiGKSmartQuizz.xcdatamodeld;
			sourceTree = "<group>";
			versionGroupType = wrapper.xcdatamodel;
		};
/* End XCVersionGroup section */
	};
	rootObject = F3D736A92A1852AF009DB31F /* Project object */;
}
